// !$*UTF8*$!
{
	archiveVersion = 1;
	classes = {
	};
	objectVersion = 46;
	objects = {

/* Begin PBXBuildFile section */
		2462A18FE2AA478BAE128E22 /* libPods-Triage.a in Frameworks */ = {isa = PBXBuildFile; fileRef = 89D7C43DA4B046BD9BDDE829 /* libPods-Triage.a */; };
		438D1ECB196E0EB0009F241C /* main.m in Sources */ = {isa = PBXBuildFile; fileRef = 438D1ECA196E0EB0009F241C /* main.m */; };
		439B4DCE196E028400CDA357 /* InfoPlist.strings in Resources */ = {isa = PBXBuildFile; fileRef = 439B4DBF196E028400CDA357 /* InfoPlist.strings */; };
		439B4DCF196E028400CDA357 /* INPlaceholderTextView.m in Sources */ = {isa = PBXBuildFile; fileRef = 439B4DC2196E028400CDA357 /* INPlaceholderTextView.m */; };
		439B4DD0196E028400CDA357 /* TRAppDelegate.m in Sources */ = {isa = PBXBuildFile; fileRef = 439B4DC4196E028400CDA357 /* TRAppDelegate.m */; };
		439B4DD2196E028400CDA357 /* TRMessageActionButton.m in Sources */ = {isa = PBXBuildFile; fileRef = 439B4DC8196E028400CDA357 /* TRMessageActionButton.m */; };
		439B4DD3196E028400CDA357 /* TRMessageCardView.m in Sources */ = {isa = PBXBuildFile; fileRef = 439B4DCA196E028400CDA357 /* TRMessageCardView.m */; };
		439B4DD4196E028400CDA357 /* TRViewController.m in Sources */ = {isa = PBXBuildFile; fileRef = 439B4DCC196E028400CDA357 /* TRViewController.m */; };
		439B4DD5196E028400CDA357 /* TRViewController.xib in Resources */ = {isa = PBXBuildFile; fileRef = 439B4DCD196E028400CDA357 /* TRViewController.xib */; };
/* End PBXBuildFile section */

/* Begin PBXFileReference section */
		438D1ECA196E0EB0009F241C /* main.m */ = {isa = PBXFileReference; fileEncoding = 4; lastKnownFileType = sourcecode.c.objc; path = main.m; sourceTree = "<group>"; };
		439B4D9E196E026F00CDA357 /* Triage.app */ = {isa = PBXFileReference; explicitFileType = wrapper.application; includeInIndex = 0; path = Triage.app; sourceTree = BUILT_PRODUCTS_DIR; };
		439B4DC0196E028400CDA357 /* en */ = {isa = PBXFileReference; lastKnownFileType = text.plist.strings; name = en; path = en.lproj/InfoPlist.strings; sourceTree = "<group>"; };
		439B4DC1196E028400CDA357 /* INPlaceholderTextView.h */ = {isa = PBXFileReference; fileEncoding = 4; lastKnownFileType = sourcecode.c.h; path = INPlaceholderTextView.h; sourceTree = "<group>"; };
		439B4DC2196E028400CDA357 /* INPlaceholderTextView.m */ = {isa = PBXFileReference; fileEncoding = 4; lastKnownFileType = sourcecode.c.objc; path = INPlaceholderTextView.m; sourceTree = "<group>"; };
		439B4DC3196E028400CDA357 /* TRAppDelegate.h */ = {isa = PBXFileReference; fileEncoding = 4; lastKnownFileType = sourcecode.c.h; path = TRAppDelegate.h; sourceTree = "<group>"; };
		439B4DC4196E028400CDA357 /* TRAppDelegate.m */ = {isa = PBXFileReference; fileEncoding = 4; lastKnownFileType = sourcecode.c.objc; path = TRAppDelegate.m; sourceTree = "<group>"; };
		439B4DC6196E028400CDA357 /* Triage-Prefix.pch */ = {isa = PBXFileReference; fileEncoding = 4; lastKnownFileType = sourcecode.c.h; path = "Triage-Prefix.pch"; sourceTree = "<group>"; };
		439B4DC7196E028400CDA357 /* TRMessageActionButton.h */ = {isa = PBXFileReference; fileEncoding = 4; lastKnownFileType = sourcecode.c.h; path = TRMessageActionButton.h; sourceTree = "<group>"; };
		439B4DC8196E028400CDA357 /* TRMessageActionButton.m */ = {isa = PBXFileReference; fileEncoding = 4; lastKnownFileType = sourcecode.c.objc; path = TRMessageActionButton.m; sourceTree = "<group>"; };
		439B4DC9196E028400CDA357 /* TRMessageCardView.h */ = {isa = PBXFileReference; fileEncoding = 4; lastKnownFileType = sourcecode.c.h; path = TRMessageCardView.h; sourceTree = "<group>"; };
		439B4DCA196E028400CDA357 /* TRMessageCardView.m */ = {isa = PBXFileReference; fileEncoding = 4; lastKnownFileType = sourcecode.c.objc; path = TRMessageCardView.m; sourceTree = "<group>"; };
		439B4DCB196E028400CDA357 /* TRViewController.h */ = {isa = PBXFileReference; fileEncoding = 4; lastKnownFileType = sourcecode.c.h; path = TRViewController.h; sourceTree = "<group>"; };
		439B4DCC196E028400CDA357 /* TRViewController.m */ = {isa = PBXFileReference; fileEncoding = 4; lastKnownFileType = sourcecode.c.objc; path = TRViewController.m; sourceTree = "<group>"; };
		439B4DCD196E028400CDA357 /* TRViewController.xib */ = {isa = PBXFileReference; fileEncoding = 4; lastKnownFileType = file.xib; path = TRViewController.xib; sourceTree = "<group>"; };
		62DC6BD36B2B4EADBE283281 /* Pods-Triage.xcconfig */ = {isa = PBXFileReference; includeInIndex = 1; lastKnownFileType = text.xcconfig; name = "Pods-Triage.xcconfig"; path = "Pods/Pods-Triage.xcconfig"; sourceTree = "<group>"; };
		89D7C43DA4B046BD9BDDE829 /* libPods-Triage.a */ = {isa = PBXFileReference; explicitFileType = archive.ar; includeInIndex = 0; path = "libPods-Triage.a"; sourceTree = BUILT_PRODUCTS_DIR; };
/* End PBXFileReference section */

/* Begin PBXFrameworksBuildPhase section */
		439B4D9B196E026F00CDA357 /* Frameworks */ = {
			isa = PBXFrameworksBuildPhase;
			buildActionMask = 2147483647;
			files = (
				2462A18FE2AA478BAE128E22 /* libPods-Triage.a in Frameworks */,
			);
			runOnlyForDeploymentPostprocessing = 0;
		};
/* End PBXFrameworksBuildPhase section */

/* Begin PBXGroup section */
		438D1ECC196E0EB4009F241C /* Supporting Files */ = {
			isa = PBXGroup;
			children = (
				438D1ECA196E0EB0009F241C /* main.m */,
				439B4DC6196E028400CDA357 /* Triage-Prefix.pch */,
			);
			name = "Supporting Files";
			path = Triage;
			sourceTree = "<group>";
		};
		439B4D95196E026F00CDA357 = {
			isa = PBXGroup;
			children = (
				439B4DBE196E028400CDA357 /* Triage */,
				438D1ECC196E0EB4009F241C /* Supporting Files */,
				439B4D9F196E026F00CDA357 /* Products */,
				62DC6BD36B2B4EADBE283281 /* Pods-Triage.xcconfig */,
				5976937118D440A8862EFC27 /* Frameworks */,
			);
			sourceTree = "<group>";
		};
		439B4D9F196E026F00CDA357 /* Products */ = {
			isa = PBXGroup;
			children = (
				439B4D9E196E026F00CDA357 /* Triage.app */,
			);
			name = Products;
			sourceTree = "<group>";
		};
		439B4DBE196E028400CDA357 /* Triage */ = {
			isa = PBXGroup;
			children = (
				439B4DC1196E028400CDA357 /* INPlaceholderTextView.h */,
				439B4DC2196E028400CDA357 /* INPlaceholderTextView.m */,
				439B4DC3196E028400CDA357 /* TRAppDelegate.h */,
				439B4DC4196E028400CDA357 /* TRAppDelegate.m */,
				439B4DC7196E028400CDA357 /* TRMessageActionButton.h */,
				439B4DC8196E028400CDA357 /* TRMessageActionButton.m */,
				439B4DC9196E028400CDA357 /* TRMessageCardView.h */,
				439B4DCA196E028400CDA357 /* TRMessageCardView.m */,
				439B4DCB196E028400CDA357 /* TRViewController.h */,
				439B4DCC196E028400CDA357 /* TRViewController.m */,
				439B4DCD196E028400CDA357 /* TRViewController.xib */,
				439B4DBF196E028400CDA357 /* InfoPlist.strings */,
			);
			path = Triage;
			sourceTree = "<group>";
		};
		5976937118D440A8862EFC27 /* Frameworks */ = {
			isa = PBXGroup;
			children = (
				89D7C43DA4B046BD9BDDE829 /* libPods-Triage.a */,
			);
			name = Frameworks;
			sourceTree = "<group>";
		};
/* End PBXGroup section */

/* Begin PBXNativeTarget section */
		439B4D9D196E026F00CDA357 /* Triage */ = {
			isa = PBXNativeTarget;
			buildConfigurationList = 439B4DB8196E026F00CDA357 /* Build configuration list for PBXNativeTarget "Triage" */;
			buildPhases = (
				6A58A92ACEAF40B99F88D7CF /* Check Pods Manifest.lock */,
				439B4D9A196E026F00CDA357 /* Sources */,
				439B4D9B196E026F00CDA357 /* Frameworks */,
				439B4D9C196E026F00CDA357 /* Resources */,
				C9267EB4440C489FA737FCEE /* Copy Pods Resources */,
			);
			buildRules = (
			);
			dependencies = (
			);
			name = Triage;
			productName = Triage;
			productReference = 439B4D9E196E026F00CDA357 /* Triage.app */;
			productType = "com.apple.product-type.application";
		};
/* End PBXNativeTarget section */

/* Begin PBXProject section */
		439B4D96196E026F00CDA357 /* Project object */ = {
			isa = PBXProject;
			attributes = {
				LastUpgradeCheck = 0600;
				ORGANIZATIONNAME = Inbox;
				TargetAttributes = {
					439B4D9D196E026F00CDA357 = {
						CreatedOnToolsVersion = 6.0;
					};
				};
			};
			buildConfigurationList = 439B4D99196E026F00CDA357 /* Build configuration list for PBXProject "Triage" */;
			compatibilityVersion = "Xcode 3.2";
			developmentRegion = English;
			hasScannedForEncodings = 0;
			knownRegions = (
				en,
			);
			mainGroup = 439B4D95196E026F00CDA357;
			productRefGroup = 439B4D9F196E026F00CDA357 /* Products */;
			projectDirPath = "";
			projectRoot = "";
			targets = (
				439B4D9D196E026F00CDA357 /* Triage */,
			);
		};
/* End PBXProject section */

/* Begin PBXResourcesBuildPhase section */
		439B4D9C196E026F00CDA357 /* Resources */ = {
			isa = PBXResourcesBuildPhase;
			buildActionMask = 2147483647;
			files = (
				439B4DD5196E028400CDA357 /* TRViewController.xib in Resources */,
				439B4DCE196E028400CDA357 /* InfoPlist.strings in Resources */,
			);
			runOnlyForDeploymentPostprocessing = 0;
		};
/* End PBXResourcesBuildPhase section */

/* Begin PBXShellScriptBuildPhase section */
		6A58A92ACEAF40B99F88D7CF /* Check Pods Manifest.lock */ = {
			isa = PBXShellScriptBuildPhase;
			buildActionMask = 2147483647;
			files = (
			);
			inputPaths = (
			);
			name = "Check Pods Manifest.lock";
			outputPaths = (
			);
			runOnlyForDeploymentPostprocessing = 0;
			shellPath = /bin/sh;
			shellScript = "diff \"${PODS_ROOT}/../Podfile.lock\" \"${PODS_ROOT}/Manifest.lock\" > /dev/null\nif [[ $? != 0 ]] ; then\n    cat << EOM\nerror: The sandbox is not in sync with the Podfile.lock. Run 'pod install' or update your CocoaPods installation.\nEOM\n    exit 1\nfi\n";
			showEnvVarsInLog = 0;
		};
		C9267EB4440C489FA737FCEE /* Copy Pods Resources */ = {
			isa = PBXShellScriptBuildPhase;
			buildActionMask = 2147483647;
			files = (
			);
			inputPaths = (
			);
			name = "Copy Pods Resources";
			outputPaths = (
			);
			runOnlyForDeploymentPostprocessing = 0;
			shellPath = /bin/sh;
			shellScript = "\"${SRCROOT}/Pods/Pods-Triage-resources.sh\"\n";
			showEnvVarsInLog = 0;
		};
/* End PBXShellScriptBuildPhase section */

/* Begin PBXSourcesBuildPhase section */
		439B4D9A196E026F00CDA357 /* Sources */ = {
			isa = PBXSourcesBuildPhase;
			buildActionMask = 2147483647;
			files = (
				439B4DD4196E028400CDA357 /* TRViewController.m in Sources */,
				439B4DD2196E028400CDA357 /* TRMessageActionButton.m in Sources */,
				439B4DD0196E028400CDA357 /* TRAppDelegate.m in Sources */,
				439B4DD3196E028400CDA357 /* TRMessageCardView.m in Sources */,
				438D1ECB196E0EB0009F241C /* main.m in Sources */,
				439B4DCF196E028400CDA357 /* INPlaceholderTextView.m in Sources */,
			);
			runOnlyForDeploymentPostprocessing = 0;
		};
/* End PBXSourcesBuildPhase section */

/* Begin PBXVariantGroup section */
		439B4DBF196E028400CDA357 /* InfoPlist.strings */ = {
			isa = PBXVariantGroup;
			children = (
				439B4DC0196E028400CDA357 /* en */,
			);
			name = InfoPlist.strings;
			sourceTree = "<group>";
		};
/* End PBXVariantGroup section */

/* Begin XCBuildConfiguration section */
		439B4DB6196E026F00CDA357 /* Debug */ = {
			isa = XCBuildConfiguration;
			buildSettings = {
				ALWAYS_SEARCH_USER_PATHS = NO;
				CLANG_CXX_LANGUAGE_STANDARD = "gnu++0x";
				CLANG_CXX_LIBRARY = "libc++";
				CLANG_ENABLE_MODULES = YES;
				CLANG_ENABLE_OBJC_ARC = YES;
				CLANG_WARN_BOOL_CONVERSION = YES;
				CLANG_WARN_CONSTANT_CONVERSION = YES;
				CLANG_WARN_DIRECT_OBJC_ISA_USAGE = YES_ERROR;
				CLANG_WARN_EMPTY_BODY = YES;
				CLANG_WARN_ENUM_CONVERSION = YES;
				CLANG_WARN_INT_CONVERSION = YES;
				CLANG_WARN_OBJC_ROOT_CLASS = YES_ERROR;
				CLANG_WARN_UNREACHABLE_CODE = YES;
				CLANG_WARN__DUPLICATE_METHOD_MATCH = YES;
				"CODE_SIGN_IDENTITY[sdk=iphoneos*]" = "iPhone Developer";
				COPY_PHASE_STRIP = NO;
				ENABLE_STRICT_OBJC_MSGSEND = YES;
				GCC_C_LANGUAGE_STANDARD = gnu99;
				GCC_DYNAMIC_NO_PIC = NO;
				GCC_OPTIMIZATION_LEVEL = 0;
				GCC_PREPROCESSOR_DEFINITIONS = (
					"DEBUG=1",
					"$(inherited)",
				);
				GCC_SYMBOLS_PRIVATE_EXTERN = NO;
				GCC_WARN_64_TO_32_BIT_CONVERSION = YES;
				GCC_WARN_ABOUT_RETURN_TYPE = YES_ERROR;
				GCC_WARN_UNDECLARED_SELECTOR = YES;
				GCC_WARN_UNINITIALIZED_AUTOS = YES_AGGRESSIVE;
				GCC_WARN_UNUSED_FUNCTION = YES;
				GCC_WARN_UNUSED_VARIABLE = YES;
				IPHONEOS_DEPLOYMENT_TARGET = 7.1;
				METAL_ENABLE_DEBUG_INFO = YES;
				ONLY_ACTIVE_ARCH = YES;
				SDKROOT = iphoneos;
			};
			name = Debug;
		};
		439B4DB7196E026F00CDA357 /* Release */ = {
			isa = XCBuildConfiguration;
			buildSettings = {
				ALWAYS_SEARCH_USER_PATHS = NO;
				CLANG_CXX_LANGUAGE_STANDARD = "gnu++0x";
				CLANG_CXX_LIBRARY = "libc++";
				CLANG_ENABLE_MODULES = YES;
				CLANG_ENABLE_OBJC_ARC = YES;
				CLANG_WARN_BOOL_CONVERSION = YES;
				CLANG_WARN_CONSTANT_CONVERSION = YES;
				CLANG_WARN_DIRECT_OBJC_ISA_USAGE = YES_ERROR;
				CLANG_WARN_EMPTY_BODY = YES;
				CLANG_WARN_ENUM_CONVERSION = YES;
				CLANG_WARN_INT_CONVERSION = YES;
				CLANG_WARN_OBJC_ROOT_CLASS = YES_ERROR;
				CLANG_WARN_UNREACHABLE_CODE = YES;
				CLANG_WARN__DUPLICATE_METHOD_MATCH = YES;
				"CODE_SIGN_IDENTITY[sdk=iphoneos*]" = "iPhone Developer";
				COPY_PHASE_STRIP = YES;
				ENABLE_NS_ASSERTIONS = NO;
				ENABLE_STRICT_OBJC_MSGSEND = YES;
				GCC_C_LANGUAGE_STANDARD = gnu99;
				GCC_WARN_64_TO_32_BIT_CONVERSION = YES;
				GCC_WARN_ABOUT_RETURN_TYPE = YES_ERROR;
				GCC_WARN_UNDECLARED_SELECTOR = YES;
				GCC_WARN_UNINITIALIZED_AUTOS = YES_AGGRESSIVE;
				GCC_WARN_UNUSED_FUNCTION = YES;
				GCC_WARN_UNUSED_VARIABLE = YES;
				IPHONEOS_DEPLOYMENT_TARGET = 7.1;
				METAL_ENABLE_DEBUG_INFO = NO;
				SDKROOT = iphoneos;
				VALIDATE_PRODUCT = YES;
			};
			name = Release;
		};
		439B4DB9196E026F00CDA357 /* Debug */ = {
			isa = XCBuildConfiguration;
			baseConfigurationReference = 62DC6BD36B2B4EADBE283281 /* Pods-Triage.xcconfig */;
			buildSettings = {
				ASSETCATALOG_COMPILER_APPICON_NAME = AppIcon;
				ASSETCATALOG_COMPILER_LAUNCHIMAGE_NAME = LaunchImage;
				FRAMEWORK_SEARCH_PATHS = "$(inherited)";
				GCC_PREFIX_HEADER = "Triage/Triage-Prefix.pch";
				INFOPLIST_FILE = Triage/Info.plist;
				LD_RUNPATH_SEARCH_PATHS = "$(inherited) @executable_path/Frameworks";
				PRODUCT_NAME = "$(TARGET_NAME)";
			};
			name = Debug;
		};
		439B4DBA196E026F00CDA357 /* Release */ = {
			isa = XCBuildConfiguration;
			baseConfigurationReference = 62DC6BD36B2B4EADBE283281 /* Pods-Triage.xcconfig */;
			buildSettings = {
				ASSETCATALOG_COMPILER_APPICON_NAME = AppIcon;
				ASSETCATALOG_COMPILER_LAUNCHIMAGE_NAME = LaunchImage;
				FRAMEWORK_SEARCH_PATHS = "$(inherited)";
				GCC_PREFIX_HEADER = "Triage/Triage-Prefix.pch";
				INFOPLIST_FILE = Triage/Info.plist;
				LD_RUNPATH_SEARCH_PATHS = "$(inherited) @executable_path/Frameworks";
				PRODUCT_NAME = "$(TARGET_NAME)";
			};
			name = Release;
		};
/* End XCBuildConfiguration section */

/* Begin XCConfigurationList section */
		439B4D99196E026F00CDA357 /* Build configuration list for PBXProject "Triage" */ = {
			isa = XCConfigurationList;
			buildConfigurations = (
				439B4DB6196E026F00CDA357 /* Debug */,
				439B4DB7196E026F00CDA357 /* Release */,
			);
			defaultConfigurationIsVisible = 0;
			defaultConfigurationName = Release;
		};
		439B4DB8196E026F00CDA357 /* Build configuration list for PBXNativeTarget "Triage" */ = {
			isa = XCConfigurationList;
			buildConfigurations = (
				439B4DB9196E026F00CDA357 /* Debug */,
				439B4DBA196E026F00CDA357 /* Release */,
			);
			defaultConfigurationIsVisible = 0;
			defaultConfigurationName = Release;
		};
/* End XCConfigurationList section */
	};
	rootObject = 439B4D96196E026F00CDA357 /* Project object */;
}
