// !$*UTF8*$!
{
	archiveVersion = 1;
	classes = {
	};
	objectVersion = 46;
	objects = {

/* Begin PBXBuildFile section */
		43C5DE9D196C47C8009A487E /* Foundation.framework in Frameworks */ = {isa = PBXBuildFile; fileRef = 43C5DE9C196C47C8009A487E /* Foundation.framework */; };
		43C5DE9F196C47C8009A487E /* CoreGraphics.framework in Frameworks */ = {isa = PBXBuildFile; fileRef = 43C5DE9E196C47C8009A487E /* CoreGraphics.framework */; };
		43C5DEA1196C47C8009A487E /* UIKit.framework in Frameworks */ = {isa = PBXBuildFile; fileRef = 43C5DEA0196C47C8009A487E /* UIKit.framework */; };
		43C5DEA7196C47C8009A487E /* InfoPlist.strings in Resources */ = {isa = PBXBuildFile; fileRef = 43C5DEA5196C47C8009A487E /* InfoPlist.strings */; };
		43C5DEA9196C47C8009A487E /* main.m in Sources */ = {isa = PBXBuildFile; fileRef = 43C5DEA8196C47C8009A487E /* main.m */; };
		43C5DEAD196C47C8009A487E /* SMAppDelegate.m in Sources */ = {isa = PBXBuildFile; fileRef = 43C5DEAC196C47C8009A487E /* SMAppDelegate.m */; };
		43C5DEB0196C47C8009A487E /* Main.storyboard in Resources */ = {isa = PBXBuildFile; fileRef = 43C5DEAE196C47C8009A487E /* Main.storyboard */; };
		43C5DEB3196C47C8009A487E /* SMViewController.m in Sources */ = {isa = PBXBuildFile; fileRef = 43C5DEB2196C47C8009A487E /* SMViewController.m */; };
		43C5DEB5196C47C8009A487E /* Images.xcassets in Resources */ = {isa = PBXBuildFile; fileRef = 43C5DEB4196C47C8009A487E /* Images.xcassets */; };
		43C5DEBC196C47C8009A487E /* XCTest.framework in Frameworks */ = {isa = PBXBuildFile; fileRef = 43C5DEBB196C47C8009A487E /* XCTest.framework */; };
		43C5DEBD196C47C8009A487E /* Foundation.framework in Frameworks */ = {isa = PBXBuildFile; fileRef = 43C5DE9C196C47C8009A487E /* Foundation.framework */; };
		43C5DEBE196C47C8009A487E /* UIKit.framework in Frameworks */ = {isa = PBXBuildFile; fileRef = 43C5DEA0196C47C8009A487E /* UIKit.framework */; };
		43C5DEC6196C47C8009A487E /* InfoPlist.strings in Resources */ = {isa = PBXBuildFile; fileRef = 43C5DEC4196C47C8009A487E /* InfoPlist.strings */; };
		43C5DEC8196C47C8009A487E /* SimpleMailTests.m in Sources */ = {isa = PBXBuildFile; fileRef = 43C5DEC7196C47C8009A487E /* SimpleMailTests.m */; };
/* End PBXBuildFile section */

/* Begin PBXContainerItemProxy section */
		43C5DEBF196C47C8009A487E /* PBXContainerItemProxy */ = {
			isa = PBXContainerItemProxy;
			containerPortal = 43C5DE91196C47C8009A487E /* Project object */;
			proxyType = 1;
			remoteGlobalIDString = 43C5DE98196C47C8009A487E;
			remoteInfo = SimpleMail;
		};
/* End PBXContainerItemProxy section */

/* Begin PBXFileReference section */
		43C5DE99196C47C8009A487E /* SimpleMail.app */ = {isa = PBXFileReference; explicitFileType = wrapper.application; includeInIndex = 0; path = SimpleMail.app; sourceTree = BUILT_PRODUCTS_DIR; };
		43C5DE9C196C47C8009A487E /* Foundation.framework */ = {isa = PBXFileReference; lastKnownFileType = wrapper.framework; name = Foundation.framework; path = System/Library/Frameworks/Foundation.framework; sourceTree = SDKROOT; };
		43C5DE9E196C47C8009A487E /* CoreGraphics.framework */ = {isa = PBXFileReference; lastKnownFileType = wrapper.framework; name = CoreGraphics.framework; path = System/Library/Frameworks/CoreGraphics.framework; sourceTree = SDKROOT; };
		43C5DEA0196C47C8009A487E /* UIKit.framework */ = {isa = PBXFileReference; lastKnownFileType = wrapper.framework; name = UIKit.framework; path = System/Library/Frameworks/UIKit.framework; sourceTree = SDKROOT; };
		43C5DEA4196C47C8009A487E /* SimpleMail-Info.plist */ = {isa = PBXFileReference; lastKnownFileType = text.plist.xml; path = "SimpleMail-Info.plist"; sourceTree = "<group>"; };
		43C5DEA6196C47C8009A487E /* en */ = {isa = PBXFileReference; lastKnownFileType = text.plist.strings; name = en; path = en.lproj/InfoPlist.strings; sourceTree = "<group>"; };
		43C5DEA8196C47C8009A487E /* main.m */ = {isa = PBXFileReference; lastKnownFileType = sourcecode.c.objc; path = main.m; sourceTree = "<group>"; };
		43C5DEAA196C47C8009A487E /* SimpleMail-Prefix.pch */ = {isa = PBXFileReference; lastKnownFileType = sourcecode.c.h; path = "SimpleMail-Prefix.pch"; sourceTree = "<group>"; };
		43C5DEAB196C47C8009A487E /* SMAppDelegate.h */ = {isa = PBXFileReference; lastKnownFileType = sourcecode.c.h; path = SMAppDelegate.h; sourceTree = "<group>"; };
		43C5DEAC196C47C8009A487E /* SMAppDelegate.m */ = {isa = PBXFileReference; lastKnownFileType = sourcecode.c.objc; path = SMAppDelegate.m; sourceTree = "<group>"; };
		43C5DEAF196C47C8009A487E /* Base */ = {isa = PBXFileReference; lastKnownFileType = file.storyboard; name = Base; path = Base.lproj/Main.storyboard; sourceTree = "<group>"; };
		43C5DEB1196C47C8009A487E /* SMViewController.h */ = {isa = PBXFileReference; lastKnownFileType = sourcecode.c.h; path = SMViewController.h; sourceTree = "<group>"; };
		43C5DEB2196C47C8009A487E /* SMViewController.m */ = {isa = PBXFileReference; lastKnownFileType = sourcecode.c.objc; path = SMViewController.m; sourceTree = "<group>"; };
		43C5DEB4196C47C8009A487E /* Images.xcassets */ = {isa = PBXFileReference; lastKnownFileType = folder.assetcatalog; path = Images.xcassets; sourceTree = "<group>"; };
		43C5DEBA196C47C8009A487E /* SimpleMailTests.xctest */ = {isa = PBXFileReference; explicitFileType = wrapper.cfbundle; includeInIndex = 0; path = SimpleMailTests.xctest; sourceTree = BUILT_PRODUCTS_DIR; };
		43C5DEBB196C47C8009A487E /* XCTest.framework */ = {isa = PBXFileReference; lastKnownFileType = wrapper.framework; name = XCTest.framework; path = Library/Frameworks/XCTest.framework; sourceTree = DEVELOPER_DIR; };
		43C5DEC3196C47C8009A487E /* SimpleMailTests-Info.plist */ = {isa = PBXFileReference; lastKnownFileType = text.plist.xml; path = "SimpleMailTests-Info.plist"; sourceTree = "<group>"; };
		43C5DEC5196C47C8009A487E /* en */ = {isa = PBXFileReference; lastKnownFileType = text.plist.strings; name = en; path = en.lproj/InfoPlist.strings; sourceTree = "<group>"; };
		43C5DEC7196C47C8009A487E /* SimpleMailTests.m */ = {isa = PBXFileReference; lastKnownFileType = sourcecode.c.objc; path = SimpleMailTests.m; sourceTree = "<group>"; };
/* End PBXFileReference section */

/* Begin PBXFrameworksBuildPhase section */
		43C5DE96196C47C8009A487E /* Frameworks */ = {
			isa = PBXFrameworksBuildPhase;
			buildActionMask = 2147483647;
			files = (
				43C5DE9F196C47C8009A487E /* CoreGraphics.framework in Frameworks */,
				43C5DEA1196C47C8009A487E /* UIKit.framework in Frameworks */,
				43C5DE9D196C47C8009A487E /* Foundation.framework in Frameworks */,
			);
			runOnlyForDeploymentPostprocessing = 0;
		};
		43C5DEB7196C47C8009A487E /* Frameworks */ = {
			isa = PBXFrameworksBuildPhase;
			buildActionMask = 2147483647;
			files = (
				43C5DEBC196C47C8009A487E /* XCTest.framework in Frameworks */,
				43C5DEBE196C47C8009A487E /* UIKit.framework in Frameworks */,
				43C5DEBD196C47C8009A487E /* Foundation.framework in Frameworks */,
			);
			runOnlyForDeploymentPostprocessing = 0;
		};
/* End PBXFrameworksBuildPhase section */

/* Begin PBXGroup section */
		43C5DE90196C47C8009A487E = {
			isa = PBXGroup;
			children = (
				43C5DEA2196C47C8009A487E /* SimpleMail */,
				43C5DEC1196C47C8009A487E /* SimpleMailTests */,
				43C5DE9B196C47C8009A487E /* Frameworks */,
				43C5DE9A196C47C8009A487E /* Products */,
			);
			sourceTree = "<group>";
		};
		43C5DE9A196C47C8009A487E /* Products */ = {
			isa = PBXGroup;
			children = (
				43C5DE99196C47C8009A487E /* SimpleMail.app */,
				43C5DEBA196C47C8009A487E /* SimpleMailTests.xctest */,
			);
			name = Products;
			sourceTree = "<group>";
		};
		43C5DE9B196C47C8009A487E /* Frameworks */ = {
			isa = PBXGroup;
			children = (
				43C5DE9C196C47C8009A487E /* Foundation.framework */,
				43C5DE9E196C47C8009A487E /* CoreGraphics.framework */,
				43C5DEA0196C47C8009A487E /* UIKit.framework */,
				43C5DEBB196C47C8009A487E /* XCTest.framework */,
			);
			name = Frameworks;
			sourceTree = "<group>";
		};
		43C5DEA2196C47C8009A487E /* SimpleMail */ = {
			isa = PBXGroup;
			children = (
				43C5DEAB196C47C8009A487E /* SMAppDelegate.h */,
				43C5DEAC196C47C8009A487E /* SMAppDelegate.m */,
				43C5DEAE196C47C8009A487E /* Main.storyboard */,
				43C5DEB1196C47C8009A487E /* SMViewController.h */,
				43C5DEB2196C47C8009A487E /* SMViewController.m */,
				43C5DEB4196C47C8009A487E /* Images.xcassets */,
				43C5DEA3196C47C8009A487E /* Supporting Files */,
			);
			path = SimpleMail;
			sourceTree = "<group>";
		};
		43C5DEA3196C47C8009A487E /* Supporting Files */ = {
			isa = PBXGroup;
			children = (
				43C5DEA4196C47C8009A487E /* SimpleMail-Info.plist */,
				43C5DEA5196C47C8009A487E /* InfoPlist.strings */,
				43C5DEA8196C47C8009A487E /* main.m */,
				43C5DEAA196C47C8009A487E /* SimpleMail-Prefix.pch */,
			);
			name = "Supporting Files";
			sourceTree = "<group>";
		};
		43C5DEC1196C47C8009A487E /* SimpleMailTests */ = {
			isa = PBXGroup;
			children = (
				43C5DEC7196C47C8009A487E /* SimpleMailTests.m */,
				43C5DEC2196C47C8009A487E /* Supporting Files */,
			);
			path = SimpleMailTests;
			sourceTree = "<group>";
		};
		43C5DEC2196C47C8009A487E /* Supporting Files */ = {
			isa = PBXGroup;
			children = (
				43C5DEC3196C47C8009A487E /* SimpleMailTests-Info.plist */,
				43C5DEC4196C47C8009A487E /* InfoPlist.strings */,
			);
			name = "Supporting Files";
			sourceTree = "<group>";
		};
/* End PBXGroup section */

/* Begin PBXNativeTarget section */
		43C5DE98196C47C8009A487E /* SimpleMail */ = {
			isa = PBXNativeTarget;
			buildConfigurationList = 43C5DECB196C47C9009A487E /* Build configuration list for PBXNativeTarget "SimpleMail" */;
			buildPhases = (
				43C5DE95196C47C8009A487E /* Sources */,
				43C5DE96196C47C8009A487E /* Frameworks */,
				43C5DE97196C47C8009A487E /* Resources */,
			);
			buildRules = (
			);
			dependencies = (
			);
			name = SimpleMail;
			productName = SimpleMail;
			productReference = 43C5DE99196C47C8009A487E /* SimpleMail.app */;
			productType = "com.apple.product-type.application";
		};
		43C5DEB9196C47C8009A487E /* SimpleMailTests */ = {
			isa = PBXNativeTarget;
			buildConfigurationList = 43C5DECE196C47C9009A487E /* Build configuration list for PBXNativeTarget "SimpleMailTests" */;
			buildPhases = (
				43C5DEB6196C47C8009A487E /* Sources */,
				43C5DEB7196C47C8009A487E /* Frameworks */,
				43C5DEB8196C47C8009A487E /* Resources */,
			);
			buildRules = (
			);
			dependencies = (
				43C5DEC0196C47C8009A487E /* PBXTargetDependency */,
			);
			name = SimpleMailTests;
			productName = SimpleMailTests;
			productReference = 43C5DEBA196C47C8009A487E /* SimpleMailTests.xctest */;
			productType = "com.apple.product-type.bundle.unit-test";
		};
/* End PBXNativeTarget section */

/* Begin PBXProject section */
		43C5DE91196C47C8009A487E /* Project object */ = {
			isa = PBXProject;
			attributes = {
				CLASSPREFIX = SM;
				LastUpgradeCheck = 0510;
				ORGANIZATIONNAME = Inbox;
				TargetAttributes = {
					43C5DEB9196C47C8009A487E = {
						TestTargetID = 43C5DE98196C47C8009A487E;
					};
				};
			};
			buildConfigurationList = 43C5DE94196C47C8009A487E /* Build configuration list for PBXProject "SimpleMail" */;
			compatibilityVersion = "Xcode 3.2";
			developmentRegion = English;
			hasScannedForEncodings = 0;
			knownRegions = (
				en,
				Base,
			);
			mainGroup = 43C5DE90196C47C8009A487E;
			productRefGroup = 43C5DE9A196C47C8009A487E /* Products */;
			projectDirPath = "";
			projectRoot = "";
			targets = (
				43C5DE98196C47C8009A487E /* SimpleMail */,
				43C5DEB9196C47C8009A487E /* SimpleMailTests */,
			);
		};
/* End PBXProject section */

/* Begin PBXResourcesBuildPhase section */
		43C5DE97196C47C8009A487E /* Resources */ = {
			isa = PBXResourcesBuildPhase;
			buildActionMask = 2147483647;
			files = (
				43C5DEB5196C47C8009A487E /* Images.xcassets in Resources */,
				43C5DEA7196C47C8009A487E /* InfoPlist.strings in Resources */,
				43C5DEB0196C47C8009A487E /* Main.storyboard in Resources */,
			);
			runOnlyForDeploymentPostprocessing = 0;
		};
		43C5DEB8196C47C8009A487E /* Resources */ = {
			isa = PBXResourcesBuildPhase;
			buildActionMask = 2147483647;
			files = (
				43C5DEC6196C47C8009A487E /* InfoPlist.strings in Resources */,
			);
			runOnlyForDeploymentPostprocessing = 0;
		};
/* End PBXResourcesBuildPhase section */

/* Begin PBXSourcesBuildPhase section */
		43C5DE95196C47C8009A487E /* Sources */ = {
			isa = PBXSourcesBuildPhase;
			buildActionMask = 2147483647;
			files = (
				43C5DEAD196C47C8009A487E /* SMAppDelegate.m in Sources */,
				43C5DEB3196C47C8009A487E /* SMViewController.m in Sources */,
				43C5DEA9196C47C8009A487E /* main.m in Sources */,
			);
			runOnlyForDeploymentPostprocessing = 0;
		};
		43C5DEB6196C47C8009A487E /* Sources */ = {
			isa = PBXSourcesBuildPhase;
			buildActionMask = 2147483647;
			files = (
				43C5DEC8196C47C8009A487E /* SimpleMailTests.m in Sources */,
			);
			runOnlyForDeploymentPostprocessing = 0;
		};
/* End PBXSourcesBuildPhase section */

/* Begin PBXTargetDependency section */
		43C5DEC0196C47C8009A487E /* PBXTargetDependency */ = {
			isa = PBXTargetDependency;
			target = 43C5DE98196C47C8009A487E /* SimpleMail */;
			targetProxy = 43C5DEBF196C47C8009A487E /* PBXContainerItemProxy */;
		};
/* End PBXTargetDependency section */

/* Begin PBXVariantGroup section */
		43C5DEA5196C47C8009A487E /* InfoPlist.strings */ = {
			isa = PBXVariantGroup;
			children = (
				43C5DEA6196C47C8009A487E /* en */,
			);
			name = InfoPlist.strings;
			sourceTree = "<group>";
		};
		43C5DEAE196C47C8009A487E /* Main.storyboard */ = {
			isa = PBXVariantGroup;
			children = (
				43C5DEAF196C47C8009A487E /* Base */,
			);
			name = Main.storyboard;
			sourceTree = "<group>";
		};
		43C5DEC4196C47C8009A487E /* InfoPlist.strings */ = {
			isa = PBXVariantGroup;
			children = (
				43C5DEC5196C47C8009A487E /* en */,
			);
			name = InfoPlist.strings;
			sourceTree = "<group>";
		};
/* End PBXVariantGroup section */

/* Begin XCBuildConfiguration section */
		43C5DEC9196C47C9009A487E /* Debug */ = {
			isa = XCBuildConfiguration;
			buildSettings = {
				ALWAYS_SEARCH_USER_PATHS = NO;
				CLANG_CXX_LANGUAGE_STANDARD = "gnu++0x";
				CLANG_CXX_LIBRARY = "libc++";
				CLANG_ENABLE_MODULES = YES;
				CLANG_ENABLE_OBJC_ARC = YES;
				CLANG_WARN_BOOL_CONVERSION = YES;
				CLANG_WARN_CONSTANT_CONVERSION = YES;
				CLANG_WARN_DIRECT_OBJC_ISA_USAGE = YES_ERROR;
				CLANG_WARN_EMPTY_BODY = YES;
				CLANG_WARN_ENUM_CONVERSION = YES;
				CLANG_WARN_INT_CONVERSION = YES;
				CLANG_WARN_OBJC_ROOT_CLASS = YES_ERROR;
				CLANG_WARN__DUPLICATE_METHOD_MATCH = YES;
				"CODE_SIGN_IDENTITY[sdk=iphoneos*]" = "iPhone Developer";
				COPY_PHASE_STRIP = NO;
				GCC_C_LANGUAGE_STANDARD = gnu99;
				GCC_DYNAMIC_NO_PIC = NO;
				GCC_OPTIMIZATION_LEVEL = 0;
				GCC_PREPROCESSOR_DEFINITIONS = (
					"DEBUG=1",
					"$(inherited)",
				);
				GCC_SYMBOLS_PRIVATE_EXTERN = NO;
				GCC_WARN_64_TO_32_BIT_CONVERSION = YES;
				GCC_WARN_ABOUT_RETURN_TYPE = YES_ERROR;
				GCC_WARN_UNDECLARED_SELECTOR = YES;
				GCC_WARN_UNINITIALIZED_AUTOS = YES_AGGRESSIVE;
				GCC_WARN_UNUSED_FUNCTION = YES;
				GCC_WARN_UNUSED_VARIABLE = YES;
				IPHONEOS_DEPLOYMENT_TARGET = 7.1;
				ONLY_ACTIVE_ARCH = YES;
				SDKROOT = iphoneos;
			};
			name = Debug;
		};
		43C5DECA196C47C9009A487E /* Release */ = {
			isa = XCBuildConfiguration;
			buildSettings = {
				ALWAYS_SEARCH_USER_PATHS = NO;
				CLANG_CXX_LANGUAGE_STANDARD = "gnu++0x";
				CLANG_CXX_LIBRARY = "libc++";
				CLANG_ENABLE_MODULES = YES;
				CLANG_ENABLE_OBJC_ARC = YES;
				CLANG_WARN_BOOL_CONVERSION = YES;
				CLANG_WARN_CONSTANT_CONVERSION = YES;
				CLANG_WARN_DIRECT_OBJC_ISA_USAGE = YES_ERROR;
				CLANG_WARN_EMPTY_BODY = YES;
				CLANG_WARN_ENUM_CONVERSION = YES;
				CLANG_WARN_INT_CONVERSION = YES;
				CLANG_WARN_OBJC_ROOT_CLASS = YES_ERROR;
				CLANG_WARN__DUPLICATE_METHOD_MATCH = YES;
				"CODE_SIGN_IDENTITY[sdk=iphoneos*]" = "iPhone Developer";
				COPY_PHASE_STRIP = YES;
				ENABLE_NS_ASSERTIONS = NO;
				GCC_C_LANGUAGE_STANDARD = gnu99;
				GCC_WARN_64_TO_32_BIT_CONVERSION = YES;
				GCC_WARN_ABOUT_RETURN_TYPE = YES_ERROR;
				GCC_WARN_UNDECLARED_SELECTOR = YES;
				GCC_WARN_UNINITIALIZED_AUTOS = YES_AGGRESSIVE;
				GCC_WARN_UNUSED_FUNCTION = YES;
				GCC_WARN_UNUSED_VARIABLE = YES;
				IPHONEOS_DEPLOYMENT_TARGET = 7.1;
				SDKROOT = iphoneos;
				VALIDATE_PRODUCT = YES;
			};
			name = Release;
		};
		43C5DECC196C47C9009A487E /* Debug */ = {
			isa = XCBuildConfiguration;
			buildSettings = {
				ASSETCATALOG_COMPILER_APPICON_NAME = AppIcon;
				ASSETCATALOG_COMPILER_LAUNCHIMAGE_NAME = LaunchImage;
				GCC_PRECOMPILE_PREFIX_HEADER = YES;
				GCC_PREFIX_HEADER = "SimpleMail/SimpleMail-Prefix.pch";
				INFOPLIST_FILE = "SimpleMail/SimpleMail-Info.plist";
				PRODUCT_NAME = "$(TARGET_NAME)";
				WRAPPER_EXTENSION = app;
			};
			name = Debug;
		};
		43C5DECD196C47C9009A487E /* Release */ = {
			isa = XCBuildConfiguration;
			buildSettings = {
				ASSETCATALOG_COMPILER_APPICON_NAME = AppIcon;
				ASSETCATALOG_COMPILER_LAUNCHIMAGE_NAME = LaunchImage;
				GCC_PRECOMPILE_PREFIX_HEADER = YES;
				GCC_PREFIX_HEADER = "SimpleMail/SimpleMail-Prefix.pch";
				INFOPLIST_FILE = "SimpleMail/SimpleMail-Info.plist";
				PRODUCT_NAME = "$(TARGET_NAME)";
				WRAPPER_EXTENSION = app;
			};
			name = Release;
		};
		43C5DECF196C47C9009A487E /* Debug */ = {
			isa = XCBuildConfiguration;
			buildSettings = {
				BUNDLE_LOADER = "$(BUILT_PRODUCTS_DIR)/SimpleMail.app/SimpleMail";
				FRAMEWORK_SEARCH_PATHS = (
					"$(SDKROOT)/Developer/Library/Frameworks",
					"$(inherited)",
					"$(DEVELOPER_FRAMEWORKS_DIR)",
				);
				GCC_PRECOMPILE_PREFIX_HEADER = YES;
				GCC_PREFIX_HEADER = "SimpleMail/SimpleMail-Prefix.pch";
				GCC_PREPROCESSOR_DEFINITIONS = (
					"DEBUG=1",
					"$(inherited)",
				);
				INFOPLIST_FILE = "SimpleMailTests/SimpleMailTests-Info.plist";
				PRODUCT_NAME = "$(TARGET_NAME)";
				TEST_HOST = "$(BUNDLE_LOADER)";
				WRAPPER_EXTENSION = xctest;
			};
			name = Debug;
		};
		43C5DED0196C47C9009A487E /* Release */ = {
			isa = XCBuildConfiguration;
			buildSettings = {
				BUNDLE_LOADER = "$(BUILT_PRODUCTS_DIR)/SimpleMail.app/SimpleMail";
				FRAMEWORK_SEARCH_PATHS = (
					"$(SDKROOT)/Developer/Library/Frameworks",
					"$(inherited)",
					"$(DEVELOPER_FRAMEWORKS_DIR)",
				);
				GCC_PRECOMPILE_PREFIX_HEADER = YES;
				GCC_PREFIX_HEADER = "SimpleMail/SimpleMail-Prefix.pch";
				INFOPLIST_FILE = "SimpleMailTests/SimpleMailTests-Info.plist";
				PRODUCT_NAME = "$(TARGET_NAME)";
				TEST_HOST = "$(BUNDLE_LOADER)";
				WRAPPER_EXTENSION = xctest;
			};
			name = Release;
		};
/* End XCBuildConfiguration section */

/* Begin XCConfigurationList section */
		43C5DE94196C47C8009A487E /* Build configuration list for PBXProject "SimpleMail" */ = {
			isa = XCConfigurationList;
			buildConfigurations = (
				43C5DEC9196C47C9009A487E /* Debug */,
				43C5DECA196C47C9009A487E /* Release */,
			);
			defaultConfigurationIsVisible = 0;
			defaultConfigurationName = Release;
		};
		43C5DECB196C47C9009A487E /* Build configuration list for PBXNativeTarget "SimpleMail" */ = {
			isa = XCConfigurationList;
			buildConfigurations = (
				43C5DECC196C47C9009A487E /* Debug */,
				43C5DECD196C47C9009A487E /* Release */,
			);
			defaultConfigurationIsVisible = 0;
		};
		43C5DECE196C47C9009A487E /* Build configuration list for PBXNativeTarget "SimpleMailTests" */ = {
			isa = XCConfigurationList;
			buildConfigurations = (
				43C5DECF196C47C9009A487E /* Debug */,
				43C5DED0196C47C9009A487E /* Release */,
			);
			defaultConfigurationIsVisible = 0;
		};
/* End XCConfigurationList section */
	};
	rootObject = 43C5DE91196C47C8009A487E /* Project object */;
}
