// !$*UTF8*$!
{
	archiveVersion = 1;
	classes = {
	};
	objectVersion = 46;
	objects = {

/* Begin PBXBuildFile section */
		43032FC6196627D8008A8A24 /* INContactsViewController.m in Sources */ = {isa = PBXBuildFile; fileRef = 43032FC4196627D8008A8A24 /* INContactsViewController.m */; };
		43032FC7196627D8008A8A24 /* INContactsViewController.xib in Resources */ = {isa = PBXBuildFile; fileRef = 43032FC5196627D8008A8A24 /* INContactsViewController.xib */; };
		43D13ED4194F4EE900103097 /* Foundation.framework in Frameworks */ = {isa = PBXBuildFile; fileRef = 43D13ED3194F4EE900103097 /* Foundation.framework */; };
		43D13ED6194F4EE900103097 /* CoreGraphics.framework in Frameworks */ = {isa = PBXBuildFile; fileRef = 43D13ED5194F4EE900103097 /* CoreGraphics.framework */; };
		43D13ED8194F4EE900103097 /* UIKit.framework in Frameworks */ = {isa = PBXBuildFile; fileRef = 43D13ED7194F4EE900103097 /* UIKit.framework */; };
		43D13EDE194F4EE900103097 /* InfoPlist.strings in Resources */ = {isa = PBXBuildFile; fileRef = 43D13EDC194F4EE900103097 /* InfoPlist.strings */; };
		43D13EE0194F4EE900103097 /* main.m in Sources */ = {isa = PBXBuildFile; fileRef = 43D13EDF194F4EE900103097 /* main.m */; };
		43D13EE4194F4EE900103097 /* INAppDelegate.m in Sources */ = {isa = PBXBuildFile; fileRef = 43D13EE3194F4EE900103097 /* INAppDelegate.m */; };
		43D13EED194F4EE900103097 /* INHomeViewController.m in Sources */ = {isa = PBXBuildFile; fileRef = 43D13EEC194F4EE900103097 /* INHomeViewController.m */; };
		43D13EEF194F4EE900103097 /* Images.xcassets in Resources */ = {isa = PBXBuildFile; fileRef = 43D13EEE194F4EE900103097 /* Images.xcassets */; };
		43D13F0C194F50E700103097 /* Inbox.framework in Frameworks */ = {isa = PBXBuildFile; fileRef = 43D13F0B194F50E700103097 /* Inbox.framework */; };
		43D13F0E194F589200103097 /* INHomeViewController.xib in Resources */ = {isa = PBXBuildFile; fileRef = 43D13F0D194F589200103097 /* INHomeViewController.xib */; };
		43D13F12194F59EF00103097 /* INSnapViewController.m in Sources */ = {isa = PBXBuildFile; fileRef = 43D13F10194F59EF00103097 /* INSnapViewController.m */; };
		43D13F13194F59EF00103097 /* INSnapViewController.xib in Resources */ = {isa = PBXBuildFile; fileRef = 43D13F11194F59EF00103097 /* INSnapViewController.xib */; };
		43D13F17194F5FDD00103097 /* INCaptureViewController.m in Sources */ = {isa = PBXBuildFile; fileRef = 43D13F15194F5FDD00103097 /* INCaptureViewController.m */; };
		43D13F18194F5FDD00103097 /* INCaptureViewController.xib in Resources */ = {isa = PBXBuildFile; fileRef = 43D13F16194F5FDD00103097 /* INCaptureViewController.xib */; };
/* End PBXBuildFile section */

/* Begin PBXFileReference section */
		43032FC3196627D8008A8A24 /* INContactsViewController.h */ = {isa = PBXFileReference; fileEncoding = 4; lastKnownFileType = sourcecode.c.h; path = INContactsViewController.h; sourceTree = "<group>"; };
		43032FC4196627D8008A8A24 /* INContactsViewController.m */ = {isa = PBXFileReference; fileEncoding = 4; lastKnownFileType = sourcecode.c.objc; path = INContactsViewController.m; sourceTree = "<group>"; };
		43032FC5196627D8008A8A24 /* INContactsViewController.xib */ = {isa = PBXFileReference; fileEncoding = 4; lastKnownFileType = file.xib; path = INContactsViewController.xib; sourceTree = "<group>"; };
		432AA721196DC71D009976E8 /* libPods.a */ = {isa = PBXFileReference; lastKnownFileType = archive.ar; name = libPods.a; path = "../../InboxFramework/Pods/build/Debug-iphoneos/libPods.a"; sourceTree = "<group>"; };
		43D13ED0194F4EE900103097 /* Snapmail.app */ = {isa = PBXFileReference; explicitFileType = wrapper.application; includeInIndex = 0; path = Snapmail.app; sourceTree = BUILT_PRODUCTS_DIR; };
		43D13ED3194F4EE900103097 /* Foundation.framework */ = {isa = PBXFileReference; lastKnownFileType = wrapper.framework; name = Foundation.framework; path = System/Library/Frameworks/Foundation.framework; sourceTree = SDKROOT; };
		43D13ED5194F4EE900103097 /* CoreGraphics.framework */ = {isa = PBXFileReference; lastKnownFileType = wrapper.framework; name = CoreGraphics.framework; path = System/Library/Frameworks/CoreGraphics.framework; sourceTree = SDKROOT; };
		43D13ED7194F4EE900103097 /* UIKit.framework */ = {isa = PBXFileReference; lastKnownFileType = wrapper.framework; name = UIKit.framework; path = System/Library/Frameworks/UIKit.framework; sourceTree = SDKROOT; };
		43D13EDB194F4EE900103097 /* Snapmail-Info.plist */ = {isa = PBXFileReference; lastKnownFileType = text.plist.xml; path = "Snapmail-Info.plist"; sourceTree = "<group>"; };
		43D13EDD194F4EE900103097 /* en */ = {isa = PBXFileReference; lastKnownFileType = text.plist.strings; name = en; path = en.lproj/InfoPlist.strings; sourceTree = "<group>"; };
		43D13EDF194F4EE900103097 /* main.m */ = {isa = PBXFileReference; lastKnownFileType = sourcecode.c.objc; path = main.m; sourceTree = "<group>"; };
		43D13EE1194F4EE900103097 /* Snapmail-Prefix.pch */ = {isa = PBXFileReference; lastKnownFileType = sourcecode.c.h; path = "Snapmail-Prefix.pch"; sourceTree = "<group>"; };
		43D13EE2194F4EE900103097 /* INAppDelegate.h */ = {isa = PBXFileReference; lastKnownFileType = sourcecode.c.h; path = INAppDelegate.h; sourceTree = "<group>"; };
		43D13EE3194F4EE900103097 /* INAppDelegate.m */ = {isa = PBXFileReference; lastKnownFileType = sourcecode.c.objc; path = INAppDelegate.m; sourceTree = "<group>"; };
		43D13EEB194F4EE900103097 /* INHomeViewController.h */ = {isa = PBXFileReference; lastKnownFileType = sourcecode.c.h; path = INHomeViewController.h; sourceTree = "<group>"; };
		43D13EEC194F4EE900103097 /* INHomeViewController.m */ = {isa = PBXFileReference; lastKnownFileType = sourcecode.c.objc; path = INHomeViewController.m; sourceTree = "<group>"; };
		43D13EEE194F4EE900103097 /* Images.xcassets */ = {isa = PBXFileReference; lastKnownFileType = folder.assetcatalog; path = Images.xcassets; sourceTree = "<group>"; };
		43D13EF5194F4EE900103097 /* XCTest.framework */ = {isa = PBXFileReference; lastKnownFileType = wrapper.framework; name = XCTest.framework; path = Library/Frameworks/XCTest.framework; sourceTree = DEVELOPER_DIR; };
		43D13F0B194F50E700103097 /* Inbox.framework */ = {isa = PBXFileReference; lastKnownFileType = wrapper.framework; name = Inbox.framework; path = "../iOS/BigSur/InboxFramework/build/Debug-iphoneos/Inbox.framework"; sourceTree = "<group>"; };
		43D13F0D194F589200103097 /* INHomeViewController.xib */ = {isa = PBXFileReference; fileEncoding = 4; lastKnownFileType = file.xib; path = INHomeViewController.xib; sourceTree = "<group>"; };
		43D13F0F194F59EF00103097 /* INSnapViewController.h */ = {isa = PBXFileReference; fileEncoding = 4; lastKnownFileType = sourcecode.c.h; path = INSnapViewController.h; sourceTree = "<group>"; };
		43D13F10194F59EF00103097 /* INSnapViewController.m */ = {isa = PBXFileReference; fileEncoding = 4; lastKnownFileType = sourcecode.c.objc; path = INSnapViewController.m; sourceTree = "<group>"; };
		43D13F11194F59EF00103097 /* INSnapViewController.xib */ = {isa = PBXFileReference; fileEncoding = 4; lastKnownFileType = file.xib; path = INSnapViewController.xib; sourceTree = "<group>"; };
		43D13F14194F5FDD00103097 /* INCaptureViewController.h */ = {isa = PBXFileReference; fileEncoding = 4; lastKnownFileType = sourcecode.c.h; path = INCaptureViewController.h; sourceTree = "<group>"; };
		43D13F15194F5FDD00103097 /* INCaptureViewController.m */ = {isa = PBXFileReference; fileEncoding = 4; lastKnownFileType = sourcecode.c.objc; path = INCaptureViewController.m; sourceTree = "<group>"; };
		43D13F16194F5FDD00103097 /* INCaptureViewController.xib */ = {isa = PBXFileReference; fileEncoding = 4; lastKnownFileType = file.xib; path = INCaptureViewController.xib; sourceTree = "<group>"; };
		FCCE685086EA4E8EA4BF0048 /* libPods-Snapmail.a */ = {isa = PBXFileReference; explicitFileType = archive.ar; includeInIndex = 0; path = "libPods-Snapmail.a"; sourceTree = BUILT_PRODUCTS_DIR; };
/* End PBXFileReference section */

/* Begin PBXFrameworksBuildPhase section */
		43D13ECD194F4EE900103097 /* Frameworks */ = {
			isa = PBXFrameworksBuildPhase;
			buildActionMask = 2147483647;
			files = (
				43D13F0C194F50E700103097 /* Inbox.framework in Frameworks */,
				43D13ED6194F4EE900103097 /* CoreGraphics.framework in Frameworks */,
				43D13ED8194F4EE900103097 /* UIKit.framework in Frameworks */,
				43D13ED4194F4EE900103097 /* Foundation.framework in Frameworks */,
			);
			runOnlyForDeploymentPostprocessing = 0;
		};
/* End PBXFrameworksBuildPhase section */

/* Begin PBXGroup section */
		43D13EC7194F4EE900103097 = {
			isa = PBXGroup;
			children = (
				43D13ED9194F4EE900103097 /* Snapmail */,
				43D13ED2194F4EE900103097 /* Frameworks */,
				43D13ED1194F4EE900103097 /* Products */,
			);
			sourceTree = "<group>";
		};
		43D13ED1194F4EE900103097 /* Products */ = {
			isa = PBXGroup;
			children = (
				43D13ED0194F4EE900103097 /* Snapmail.app */,
			);
			name = Products;
			sourceTree = "<group>";
		};
		43D13ED2194F4EE900103097 /* Frameworks */ = {
			isa = PBXGroup;
			children = (
				432AA721196DC71D009976E8 /* libPods.a */,
				43D13F0B194F50E700103097 /* Inbox.framework */,
				43D13ED3194F4EE900103097 /* Foundation.framework */,
				43D13ED5194F4EE900103097 /* CoreGraphics.framework */,
				43D13ED7194F4EE900103097 /* UIKit.framework */,
				43D13EF5194F4EE900103097 /* XCTest.framework */,
				FCCE685086EA4E8EA4BF0048 /* libPods-Snapmail.a */,
			);
			name = Frameworks;
			sourceTree = "<group>";
		};
		43D13ED9194F4EE900103097 /* Snapmail */ = {
			isa = PBXGroup;
			children = (
				43D13EE2194F4EE900103097 /* INAppDelegate.h */,
				43D13EE3194F4EE900103097 /* INAppDelegate.m */,
				43D13EEB194F4EE900103097 /* INHomeViewController.h */,
				43D13EEC194F4EE900103097 /* INHomeViewController.m */,
				43D13F0D194F589200103097 /* INHomeViewController.xib */,
				43032FC3196627D8008A8A24 /* INContactsViewController.h */,
				43032FC4196627D8008A8A24 /* INContactsViewController.m */,
				43032FC5196627D8008A8A24 /* INContactsViewController.xib */,
				43D13F14194F5FDD00103097 /* INCaptureViewController.h */,
				43D13F15194F5FDD00103097 /* INCaptureViewController.m */,
				43D13F16194F5FDD00103097 /* INCaptureViewController.xib */,
				43D13F0F194F59EF00103097 /* INSnapViewController.h */,
				43D13F10194F59EF00103097 /* INSnapViewController.m */,
				43D13F11194F59EF00103097 /* INSnapViewController.xib */,
				43D13EEE194F4EE900103097 /* Images.xcassets */,
				43D13EDA194F4EE900103097 /* Supporting Files */,
			);
			path = Snapmail;
			sourceTree = "<group>";
		};
		43D13EDA194F4EE900103097 /* Supporting Files */ = {
			isa = PBXGroup;
			children = (
				43D13EDB194F4EE900103097 /* Snapmail-Info.plist */,
				43D13EDC194F4EE900103097 /* InfoPlist.strings */,
				43D13EDF194F4EE900103097 /* main.m */,
				43D13EE1194F4EE900103097 /* Snapmail-Prefix.pch */,
			);
			name = "Supporting Files";
			sourceTree = "<group>";
		};
/* End PBXGroup section */

/* Begin PBXNativeTarget section */
		43D13ECF194F4EE900103097 /* Snapmail */ = {
			isa = PBXNativeTarget;
			buildConfigurationList = 43D13F05194F4EE900103097 /* Build configuration list for PBXNativeTarget "Snapmail" */;
			buildPhases = (
				43D13ECC194F4EE900103097 /* Sources */,
				43D13ECD194F4EE900103097 /* Frameworks */,
				43D13ECE194F4EE900103097 /* Resources */,
			);
			buildRules = (
			);
			dependencies = (
			);
			name = Snapmail;
			productName = Snapmail;
			productReference = 43D13ED0194F4EE900103097 /* Snapmail.app */;
			productType = "com.apple.product-type.application";
		};
/* End PBXNativeTarget section */

/* Begin PBXProject section */
		43D13EC8194F4EE900103097 /* Project object */ = {
			isa = PBXProject;
			attributes = {
				CLASSPREFIX = IN;
				LastUpgradeCheck = 0510;
				ORGANIZATIONNAME = "Foundry 376, LLC";
			};
			buildConfigurationList = 43D13ECB194F4EE900103097 /* Build configuration list for PBXProject "Snapmail" */;
			compatibilityVersion = "Xcode 3.2";
			developmentRegion = English;
			hasScannedForEncodings = 0;
			knownRegions = (
				en,
				Base,
			);
			mainGroup = 43D13EC7194F4EE900103097;
			productRefGroup = 43D13ED1194F4EE900103097 /* Products */;
			projectDirPath = "";
			projectRoot = "";
			targets = (
				43D13ECF194F4EE900103097 /* Snapmail */,
			);
		};
/* End PBXProject section */

/* Begin PBXResourcesBuildPhase section */
		43D13ECE194F4EE900103097 /* Resources */ = {
			isa = PBXResourcesBuildPhase;
			buildActionMask = 2147483647;
			files = (
				43032FC7196627D8008A8A24 /* INContactsViewController.xib in Resources */,
				43D13EEF194F4EE900103097 /* Images.xcassets in Resources */,
				43D13F18194F5FDD00103097 /* INCaptureViewController.xib in Resources */,
				43D13F13194F59EF00103097 /* INSnapViewController.xib in Resources */,
				43D13EDE194F4EE900103097 /* InfoPlist.strings in Resources */,
				43D13F0E194F589200103097 /* INHomeViewController.xib in Resources */,
			);
			runOnlyForDeploymentPostprocessing = 0;
		};
/* End PBXResourcesBuildPhase section */

/* Begin PBXSourcesBuildPhase section */
		43D13ECC194F4EE900103097 /* Sources */ = {
			isa = PBXSourcesBuildPhase;
			buildActionMask = 2147483647;
			files = (
				43D13EE0194F4EE900103097 /* main.m in Sources */,
				43D13F12194F59EF00103097 /* INSnapViewController.m in Sources */,
				43032FC6196627D8008A8A24 /* INContactsViewController.m in Sources */,
				43D13EE4194F4EE900103097 /* INAppDelegate.m in Sources */,
				43D13F17194F5FDD00103097 /* INCaptureViewController.m in Sources */,
				43D13EED194F4EE900103097 /* INHomeViewController.m in Sources */,
			);
			runOnlyForDeploymentPostprocessing = 0;
		};
/* End PBXSourcesBuildPhase section */

/* Begin PBXVariantGroup section */
		43D13EDC194F4EE900103097 /* InfoPlist.strings */ = {
			isa = PBXVariantGroup;
			children = (
				43D13EDD194F4EE900103097 /* en */,
			);
			name = InfoPlist.strings;
			sourceTree = "<group>";
		};
/* End PBXVariantGroup section */

/* Begin XCBuildConfiguration section */
		43D13F03194F4EE900103097 /* Debug */ = {
			isa = XCBuildConfiguration;
			buildSettings = {
				ALWAYS_SEARCH_USER_PATHS = NO;
				CLANG_CXX_LANGUAGE_STANDARD = "gnu++0x";
				CLANG_CXX_LIBRARY = "libc++";
				CLANG_ENABLE_MODULES = YES;
				CLANG_ENABLE_OBJC_ARC = YES;
				CLANG_WARN_BOOL_CONVERSION = YES;
				CLANG_WARN_CONSTANT_CONVERSION = YES;
				CLANG_WARN_DIRECT_OBJC_ISA_USAGE = YES_ERROR;
				CLANG_WARN_EMPTY_BODY = YES;
				CLANG_WARN_ENUM_CONVERSION = YES;
				CLANG_WARN_INT_CONVERSION = YES;
				CLANG_WARN_OBJC_ROOT_CLASS = YES_ERROR;
				CLANG_WARN__DUPLICATE_METHOD_MATCH = YES;
				"CODE_SIGN_IDENTITY[sdk=iphoneos*]" = "iPhone Developer";
				COPY_PHASE_STRIP = NO;
				GCC_C_LANGUAGE_STANDARD = gnu99;
				GCC_DYNAMIC_NO_PIC = NO;
				GCC_OPTIMIZATION_LEVEL = 0;
				GCC_PREPROCESSOR_DEFINITIONS = (
					"DEBUG=1",
					"$(inherited)",
				);
				GCC_SYMBOLS_PRIVATE_EXTERN = NO;
				GCC_WARN_64_TO_32_BIT_CONVERSION = YES;
				GCC_WARN_ABOUT_RETURN_TYPE = YES_ERROR;
				GCC_WARN_UNDECLARED_SELECTOR = YES;
				GCC_WARN_UNINITIALIZED_AUTOS = YES_AGGRESSIVE;
				GCC_WARN_UNUSED_FUNCTION = YES;
				GCC_WARN_UNUSED_VARIABLE = YES;
				IPHONEOS_DEPLOYMENT_TARGET = 7.1;
				ONLY_ACTIVE_ARCH = YES;
				SDKROOT = iphoneos;
				TARGETED_DEVICE_FAMILY = "1,2";
			};
			name = Debug;
		};
		43D13F04194F4EE900103097 /* Release */ = {
			isa = XCBuildConfiguration;
			buildSettings = {
				ALWAYS_SEARCH_USER_PATHS = NO;
				CLANG_CXX_LANGUAGE_STANDARD = "gnu++0x";
				CLANG_CXX_LIBRARY = "libc++";
				CLANG_ENABLE_MODULES = YES;
				CLANG_ENABLE_OBJC_ARC = YES;
				CLANG_WARN_BOOL_CONVERSION = YES;
				CLANG_WARN_CONSTANT_CONVERSION = YES;
				CLANG_WARN_DIRECT_OBJC_ISA_USAGE = YES_ERROR;
				CLANG_WARN_EMPTY_BODY = YES;
				CLANG_WARN_ENUM_CONVERSION = YES;
				CLANG_WARN_INT_CONVERSION = YES;
				CLANG_WARN_OBJC_ROOT_CLASS = YES_ERROR;
				CLANG_WARN__DUPLICATE_METHOD_MATCH = YES;
				"CODE_SIGN_IDENTITY[sdk=iphoneos*]" = "iPhone Developer";
				COPY_PHASE_STRIP = YES;
				ENABLE_NS_ASSERTIONS = NO;
				GCC_C_LANGUAGE_STANDARD = gnu99;
				GCC_WARN_64_TO_32_BIT_CONVERSION = YES;
				GCC_WARN_ABOUT_RETURN_TYPE = YES_ERROR;
				GCC_WARN_UNDECLARED_SELECTOR = YES;
				GCC_WARN_UNINITIALIZED_AUTOS = YES_AGGRESSIVE;
				GCC_WARN_UNUSED_FUNCTION = YES;
				GCC_WARN_UNUSED_VARIABLE = YES;
				IPHONEOS_DEPLOYMENT_TARGET = 7.1;
				SDKROOT = iphoneos;
				TARGETED_DEVICE_FAMILY = "1,2";
				VALIDATE_PRODUCT = YES;
			};
			name = Release;
		};
		43D13F06194F4EE900103097 /* Debug */ = {
			isa = XCBuildConfiguration;
			buildSettings = {
				ASSETCATALOG_COMPILER_APPICON_NAME = AppIcon;
				ASSETCATALOG_COMPILER_LAUNCHIMAGE_NAME = LaunchImage;
				GCC_PRECOMPILE_PREFIX_HEADER = YES;
				GCC_PREFIX_HEADER = "Snapmail/Snapmail-Prefix.pch";
				INFOPLIST_FILE = "Snapmail/Snapmail-Info.plist";
				PRODUCT_NAME = "$(TARGET_NAME)";
				WRAPPER_EXTENSION = app;
			};
			name = Debug;
		};
		43D13F07194F4EE900103097 /* Release */ = {
			isa = XCBuildConfiguration;
			buildSettings = {
				ASSETCATALOG_COMPILER_APPICON_NAME = AppIcon;
				ASSETCATALOG_COMPILER_LAUNCHIMAGE_NAME = LaunchImage;
				GCC_PRECOMPILE_PREFIX_HEADER = YES;
				GCC_PREFIX_HEADER = "Snapmail/Snapmail-Prefix.pch";
				INFOPLIST_FILE = "Snapmail/Snapmail-Info.plist";
				PRODUCT_NAME = "$(TARGET_NAME)";
				WRAPPER_EXTENSION = app;
			};
			name = Release;
		};
/* End XCBuildConfiguration section */

/* Begin XCConfigurationList section */
		43D13ECB194F4EE900103097 /* Build configuration list for PBXProject "Snapmail" */ = {
			isa = XCConfigurationList;
			buildConfigurations = (
				43D13F03194F4EE900103097 /* Debug */,
				43D13F04194F4EE900103097 /* Release */,
			);
			defaultConfigurationIsVisible = 0;
			defaultConfigurationName = Release;
		};
		43D13F05194F4EE900103097 /* Build configuration list for PBXNativeTarget "Snapmail" */ = {
			isa = XCConfigurationList;
			buildConfigurations = (
				43D13F06194F4EE900103097 /* Debug */,
				43D13F07194F4EE900103097 /* Release */,
			);
			defaultConfigurationIsVisible = 0;
			defaultConfigurationName = Release;
		};
/* End XCConfigurationList section */
	};
	rootObject = 43D13EC8194F4EE900103097 /* Project object */;
}
