// !$*UTF8*$!
{
	archiveVersion = 1;
	classes = {
	};
	objectVersion = 46;
	objects = {

/* Begin PBXAggregateTarget section */
		43AAF513190ECC8E000FA5AF /* OCLint */ = {
			isa = PBXAggregateTarget;
			buildConfigurationList = 43AAF514190ECC8E000FA5AF /* Build configuration list for PBXAggregateTarget "OCLint" */;
			buildPhases = (
				43AAF517190ECCAE000FA5AF /* ShellScript */,
			);
			dependencies = (
			);
			name = OCLint;
			productName = OCLint;
		};
/* End PBXAggregateTarget section */

/* Begin PBXBuildFile section */
		4317023C19132BA10002491F /* XCTest.framework in Frameworks */ = {isa = PBXBuildFile; fileRef = 43F22A9419071A1100A032D1 /* XCTest.framework */; };
		4317023D19132BA10002491F /* Foundation.framework in Frameworks */ = {isa = PBXBuildFile; fileRef = 43F22A7519071A1100A032D1 /* Foundation.framework */; };
		4317023E19132BA10002491F /* UIKit.framework in Frameworks */ = {isa = PBXBuildFile; fileRef = 43F22A7919071A1100A032D1 /* UIKit.framework */; };
		4317024419132BA10002491F /* InfoPlist.strings in Resources */ = {isa = PBXBuildFile; fileRef = 4317024219132BA10002491F /* InfoPlist.strings */; };
		4317024619132BA10002491F /* INModelProviderTests.m in Sources */ = {isa = PBXBuildFile; fileRef = 4317024519132BA10002491F /* INModelProviderTests.m */; };
		431AAA2B19133633008751D8 /* NSPredicate+Inspection.m in Sources */ = {isa = PBXBuildFile; fileRef = 431AAA2A19133633008751D8 /* NSPredicate+Inspection.m */; };
		431AAA2D19133734008751D8 /* INModelProvider+Private.h in Headers */ = {isa = PBXBuildFile; fileRef = 431AAA2C19133734008751D8 /* INModelProvider+Private.h */; };
		43329FCB1909B34D00D689F1 /* INAPIManager.m in Sources */ = {isa = PBXBuildFile; fileRef = 43329FCA1909B34D00D689F1 /* INAPIManager.m */; };
		4332A01E1909E56900D689F1 /* INModelProvider.m in Sources */ = {isa = PBXBuildFile; fileRef = 4332A01D1909E56900D689F1 /* INModelProvider.m */; };
		439283BA191428E500926291 /* message.js in Resources */ = {isa = PBXBuildFile; fileRef = 439283B9191428E500926291 /* message.js */; };
		439283BE19144B6F00926291 /* INConvenienceCategories.m in Sources */ = {isa = PBXBuildFile; fileRef = 439283BD19144B6F00926291 /* INConvenienceCategories.m */; };
		439283C1191450AA00926291 /* INRecipientsLabel.m in Sources */ = {isa = PBXBuildFile; fileRef = 439283C0191450AA00926291 /* INRecipientsLabel.m */; };
		439283C41914582400926291 /* INPredicateToQueryParamConverter.m in Sources */ = {isa = PBXBuildFile; fileRef = 439283C31914582400926291 /* INPredicateToQueryParamConverter.m */; };
		43AAF51A190EE558000FA5AF /* INModelObject+Uniquing.m in Sources */ = {isa = PBXBuildFile; fileRef = 43AAF519190EE558000FA5AF /* INModelObject+Uniquing.m */; };
		43AAF51D190F037E000FA5AF /* INThread.m in Sources */ = {isa = PBXBuildFile; fileRef = 43AAF51C190F037E000FA5AF /* INThread.m */; };
		43AAF520190F1B5D000FA5AF /* INThreadProvider.m in Sources */ = {isa = PBXBuildFile; fileRef = 43AAF51F190F1B5D000FA5AF /* INThreadProvider.m */; };
		43AAF524190F1E2D000FA5AF /* INNamespace.m in Sources */ = {isa = PBXBuildFile; fileRef = 43AAF523190F1E2D000FA5AF /* INNamespace.m */; };
		43AAF529190F20F6000FA5AF /* INModelArrayResponseSerializer.m in Sources */ = {isa = PBXBuildFile; fileRef = 43AAF528190F20F6000FA5AF /* INModelArrayResponseSerializer.m */; };
		43AAF52F19117BED000FA5AF /* INAccount.m in Sources */ = {isa = PBXBuildFile; fileRef = 43AAF52E19117BED000FA5AF /* INAccount.m */; };
		43AAF53219117C89000FA5AF /* INLabel.m in Sources */ = {isa = PBXBuildFile; fileRef = 43AAF53119117C89000FA5AF /* INLabel.m */; };
		43AAF5361911B8E5000FA5AF /* INThreadViewController.m in Sources */ = {isa = PBXBuildFile; fileRef = 43AAF5341911B8E5000FA5AF /* INThreadViewController.m */; };
		43AAF5371911B8E5000FA5AF /* INThreadViewController.xib in Resources */ = {isa = PBXBuildFile; fileRef = 43AAF5351911B8E5000FA5AF /* INThreadViewController.xib */; };
		43AAF53A1911BD71000FA5AF /* INMessage.m in Sources */ = {isa = PBXBuildFile; fileRef = 43AAF5391911BD71000FA5AF /* INMessage.m */; };
		43AAF53D1911CFC0000FA5AF /* INMessageProvider.m in Sources */ = {isa = PBXBuildFile; fileRef = 43AAF53C1911CFC0000FA5AF /* INMessageProvider.m */; };
		43AAF5421912B05E000FA5AF /* NSDictionary+FormatConversion.m in Sources */ = {isa = PBXBuildFile; fileRef = 43AAF5411912B05E000FA5AF /* NSDictionary+FormatConversion.m */; };
		43AAF5491912D607000FA5AF /* INMessageCollectionViewCell.m in Sources */ = {isa = PBXBuildFile; fileRef = 43AAF5481912D607000FA5AF /* INMessageCollectionViewCell.m */; };
		43AAF54B1912D614000FA5AF /* INMessageCollectionViewCell.xib in Resources */ = {isa = PBXBuildFile; fileRef = 43AAF54A1912D614000FA5AF /* INMessageCollectionViewCell.xib */; };
		43AAF54E1912E985000FA5AF /* INThreadTableViewCell.m in Sources */ = {isa = PBXBuildFile; fileRef = 43AAF54D1912E985000FA5AF /* INThreadTableViewCell.m */; };
		43AAF5511912EB72000FA5AF /* UIView+FrameAdditions.m in Sources */ = {isa = PBXBuildFile; fileRef = 43AAF5501912EB72000FA5AF /* UIView+FrameAdditions.m */; };
		43AAF5531912F5D1000FA5AF /* message.css in Resources */ = {isa = PBXBuildFile; fileRef = 43AAF5521912F5D1000FA5AF /* message.css */; };
		43AE9B751918045C005D70C0 /* INContactsViewController.m in Sources */ = {isa = PBXBuildFile; fileRef = 43AE9B731918045C005D70C0 /* INContactsViewController.m */; };
		43AE9B761918045C005D70C0 /* INContactsViewController.xib in Resources */ = {isa = PBXBuildFile; fileRef = 43AE9B741918045C005D70C0 /* INContactsViewController.xib */; };
		43AE9B7A191833AF005D70C0 /* INComposeViewController.m in Sources */ = {isa = PBXBuildFile; fileRef = 43AE9B78191833AF005D70C0 /* INComposeViewController.m */; };
		43AE9B7B191833AF005D70C0 /* INComposeViewController.xib in Resources */ = {isa = PBXBuildFile; fileRef = 43AE9B79191833AF005D70C0 /* INComposeViewController.xib */; };
		43D12B5919088E2100ACDCAB /* INPredicateToSQLConverter.m in Sources */ = {isa = PBXBuildFile; fileRef = 43D12B5819088E2100ACDCAB /* INPredicateToSQLConverter.m */; };
		43F22A7619071A1100A032D1 /* Foundation.framework in Frameworks */ = {isa = PBXBuildFile; fileRef = 43F22A7519071A1100A032D1 /* Foundation.framework */; };
		43F22A7819071A1100A032D1 /* CoreGraphics.framework in Frameworks */ = {isa = PBXBuildFile; fileRef = 43F22A7719071A1100A032D1 /* CoreGraphics.framework */; };
		43F22A7A19071A1100A032D1 /* UIKit.framework in Frameworks */ = {isa = PBXBuildFile; fileRef = 43F22A7919071A1100A032D1 /* UIKit.framework */; };
		43F22A8019071A1100A032D1 /* InfoPlist.strings in Resources */ = {isa = PBXBuildFile; fileRef = 43F22A7E19071A1100A032D1 /* InfoPlist.strings */; };
		43F22A8219071A1100A032D1 /* main.m in Sources */ = {isa = PBXBuildFile; fileRef = 43F22A8119071A1100A032D1 /* main.m */; };
		43F22A8619071A1100A032D1 /* INAppDelegate.m in Sources */ = {isa = PBXBuildFile; fileRef = 43F22A8519071A1100A032D1 /* INAppDelegate.m */; };
		43F22A8E19071A1100A032D1 /* Images.xcassets in Resources */ = {isa = PBXBuildFile; fileRef = 43F22A8D19071A1100A032D1 /* Images.xcassets */; };
		43F22AB819071A3A00A032D1 /* InfoPlist.strings in Resources */ = {isa = PBXBuildFile; fileRef = 43F22AB619071A3A00A032D1 /* InfoPlist.strings */; };
		43F22ACD19071C5200A032D1 /* NSObject+AssociatedObjects.m in Sources */ = {isa = PBXBuildFile; fileRef = 43F22AC419071C5200A032D1 /* NSObject+AssociatedObjects.m */; };
		43F22ACE19071C5200A032D1 /* NSObject+Properties.m in Sources */ = {isa = PBXBuildFile; fileRef = 43F22AC619071C5200A032D1 /* NSObject+Properties.m */; };
		43F22ACF19071C5200A032D1 /* NSString+FormatConversion.m in Sources */ = {isa = PBXBuildFile; fileRef = 43F22AC819071C5200A032D1 /* NSString+FormatConversion.m */; };
		43F22AD019071C5200A032D1 /* INViewController.m in Sources */ = {isa = PBXBuildFile; fileRef = 43F22ACB19071C5200A032D1 /* INViewController.m */; };
		43F22AD119071C5200A032D1 /* INViewController.xib in Resources */ = {isa = PBXBuildFile; fileRef = 43F22ACC19071C5200A032D1 /* INViewController.xib */; };
		43F22AD419071D3600A032D1 /* INDatabaseManager.m in Sources */ = {isa = PBXBuildFile; fileRef = 43F22AD319071D3600A032D1 /* INDatabaseManager.m */; };
		43F22ADA1907252400A032D1 /* FMDatabase+INModelQueries.m in Sources */ = {isa = PBXBuildFile; fileRef = 43F22AD91907252400A032D1 /* FMDatabase+INModelQueries.m */; };
		43F22ADF19072E6400A032D1 /* INModelObject.m in Sources */ = {isa = PBXBuildFile; fileRef = 43F22ADE19072E6400A032D1 /* INModelObject.m */; };
		43F22AE219072E6A00A032D1 /* INContact.m in Sources */ = {isa = PBXBuildFile; fileRef = 43F22AE119072E6A00A032D1 /* INContact.m */; };
		43F22AE6190736D300A032D1 /* INAPIOperation.m in Sources */ = {isa = PBXBuildFile; fileRef = 43F22AE5190736D300A032D1 /* INAPIOperation.m */; };
		43F22AEA19073DDA00A032D1 /* FMResultSet+INModelQueries.m in Sources */ = {isa = PBXBuildFile; fileRef = 43F22AE919073DDA00A032D1 /* FMResultSet+INModelQueries.m */; };
		8C8B9E462A8A415797003B95 /* libPods-BigSurCoreFramework.a in Frameworks */ = {isa = PBXBuildFile; fileRef = A28BBE2B2EE44F8D9D162151 /* libPods-BigSurCoreFramework.a */; };
		E15CA3529CD04652A09EF492 /* libPods-BigSurFramework.a in Frameworks */ = {isa = PBXBuildFile; fileRef = 7BC3F53319D74B529C87E055 /* libPods-BigSurFramework.a */; };
		E3540A1C6D4D4A35B9541B0A /* libPods-BigSurTests.a in Frameworks */ = {isa = PBXBuildFile; fileRef = 9B251294EBA94538841578AB /* libPods-BigSurTests.a */; };
		F4DE7859C9594238811D4985 /* libPods-BigSur.a in Frameworks */ = {isa = PBXBuildFile; fileRef = EE531875BD974E65B85108A0 /* libPods-BigSur.a */; };
/* End PBXBuildFile section */

/* Begin PBXContainerItemProxy section */
		4317024819132BA10002491F /* PBXContainerItemProxy */ = {
			isa = PBXContainerItemProxy;
			containerPortal = 43F22A6A19071A1000A032D1 /* Project object */;
			proxyType = 1;
			remoteGlobalIDString = 43F22A7119071A1100A032D1;
			remoteInfo = BigSur;
		};
/* End PBXContainerItemProxy section */

/* Begin PBXFileReference section */
		4317023B19132BA10002491F /* BigSurTests.xctest */ = {isa = PBXFileReference; explicitFileType = wrapper.cfbundle; includeInIndex = 0; path = BigSurTests.xctest; sourceTree = BUILT_PRODUCTS_DIR; };
		4317024119132BA10002491F /* BigSurTests-Info.plist */ = {isa = PBXFileReference; lastKnownFileType = text.plist.xml; path = "BigSurTests-Info.plist"; sourceTree = "<group>"; };
		4317024319132BA10002491F /* en */ = {isa = PBXFileReference; lastKnownFileType = text.plist.strings; name = en; path = en.lproj/InfoPlist.strings; sourceTree = "<group>"; };
		4317024519132BA10002491F /* INModelProviderTests.m */ = {isa = PBXFileReference; lastKnownFileType = sourcecode.c.objc; path = INModelProviderTests.m; sourceTree = "<group>"; };
		4317024719132BA10002491F /* BigSurTests-Prefix.pch */ = {isa = PBXFileReference; lastKnownFileType = sourcecode.c.h; path = "BigSurTests-Prefix.pch"; sourceTree = "<group>"; };
		431AAA2919133633008751D8 /* NSPredicate+Inspection.h */ = {isa = PBXFileReference; fileEncoding = 4; lastKnownFileType = sourcecode.c.h; path = "NSPredicate+Inspection.h"; sourceTree = "<group>"; };
		431AAA2A19133633008751D8 /* NSPredicate+Inspection.m */ = {isa = PBXFileReference; fileEncoding = 4; lastKnownFileType = sourcecode.c.objc; path = "NSPredicate+Inspection.m"; sourceTree = "<group>"; };
		431AAA2C19133734008751D8 /* INModelProvider+Private.h */ = {isa = PBXFileReference; fileEncoding = 4; lastKnownFileType = sourcecode.c.h; path = "INModelProvider+Private.h"; sourceTree = "<group>"; };
		4325D513191329DC00743CD4 /* SenTestingKit.framework */ = {isa = PBXFileReference; lastKnownFileType = wrapper.framework; name = SenTestingKit.framework; path = Library/Frameworks/SenTestingKit.framework; sourceTree = DEVELOPER_DIR; };
		43329FC91909B34D00D689F1 /* INAPIManager.h */ = {isa = PBXFileReference; fileEncoding = 4; lastKnownFileType = sourcecode.c.h; path = INAPIManager.h; sourceTree = "<group>"; };
		43329FCA1909B34D00D689F1 /* INAPIManager.m */ = {isa = PBXFileReference; fileEncoding = 4; lastKnownFileType = sourcecode.c.objc; path = INAPIManager.m; sourceTree = "<group>"; };
		4332A01C1909E56900D689F1 /* INModelProvider.h */ = {isa = PBXFileReference; fileEncoding = 4; lastKnownFileType = sourcecode.c.h; path = INModelProvider.h; sourceTree = "<group>"; };
		4332A01D1909E56900D689F1 /* INModelProvider.m */ = {isa = PBXFileReference; fileEncoding = 4; lastKnownFileType = sourcecode.c.objc; path = INModelProvider.m; sourceTree = "<group>"; };
		439283B9191428E500926291 /* message.js */ = {isa = PBXFileReference; fileEncoding = 4; lastKnownFileType = sourcecode.javascript; name = message.js; path = ../CSS/message.js; sourceTree = "<group>"; };
		439283BC19144B6F00926291 /* INConvenienceCategories.h */ = {isa = PBXFileReference; fileEncoding = 4; lastKnownFileType = sourcecode.c.h; path = INConvenienceCategories.h; sourceTree = "<group>"; };
		439283BD19144B6F00926291 /* INConvenienceCategories.m */ = {isa = PBXFileReference; fileEncoding = 4; lastKnownFileType = sourcecode.c.objc; path = INConvenienceCategories.m; sourceTree = "<group>"; };
		439283BF191450AA00926291 /* INRecipientsLabel.h */ = {isa = PBXFileReference; fileEncoding = 4; lastKnownFileType = sourcecode.c.h; name = INRecipientsLabel.h; path = BigSur/Views/INRecipientsLabel.h; sourceTree = SOURCE_ROOT; };
		439283C0191450AA00926291 /* INRecipientsLabel.m */ = {isa = PBXFileReference; fileEncoding = 4; lastKnownFileType = sourcecode.c.objc; name = INRecipientsLabel.m; path = BigSur/Views/INRecipientsLabel.m; sourceTree = SOURCE_ROOT; };
		439283C21914582400926291 /* INPredicateToQueryParamConverter.h */ = {isa = PBXFileReference; fileEncoding = 4; lastKnownFileType = sourcecode.c.h; path = INPredicateToQueryParamConverter.h; sourceTree = "<group>"; };
		439283C31914582400926291 /* INPredicateToQueryParamConverter.m */ = {isa = PBXFileReference; fileEncoding = 4; lastKnownFileType = sourcecode.c.objc; path = INPredicateToQueryParamConverter.m; sourceTree = "<group>"; };
		43AAF518190EE558000FA5AF /* INModelObject+Uniquing.h */ = {isa = PBXFileReference; fileEncoding = 4; lastKnownFileType = sourcecode.c.h; name = "INModelObject+Uniquing.h"; path = "Models/INModelObject+Uniquing.h"; sourceTree = "<group>"; };
		43AAF519190EE558000FA5AF /* INModelObject+Uniquing.m */ = {isa = PBXFileReference; fileEncoding = 4; lastKnownFileType = sourcecode.c.objc; name = "INModelObject+Uniquing.m"; path = "Models/INModelObject+Uniquing.m"; sourceTree = "<group>"; };
		43AAF51B190F037E000FA5AF /* INThread.h */ = {isa = PBXFileReference; fileEncoding = 4; lastKnownFileType = sourcecode.c.h; name = INThread.h; path = Models/INThread.h; sourceTree = "<group>"; };
		43AAF51C190F037E000FA5AF /* INThread.m */ = {isa = PBXFileReference; fileEncoding = 4; lastKnownFileType = sourcecode.c.objc; name = INThread.m; path = Models/INThread.m; sourceTree = "<group>"; };
		43AAF51E190F1B5D000FA5AF /* INThreadProvider.h */ = {isa = PBXFileReference; fileEncoding = 4; lastKnownFileType = sourcecode.c.h; path = INThreadProvider.h; sourceTree = "<group>"; };
		43AAF51F190F1B5D000FA5AF /* INThreadProvider.m */ = {isa = PBXFileReference; fileEncoding = 4; lastKnownFileType = sourcecode.c.objc; path = INThreadProvider.m; sourceTree = "<group>"; };
		43AAF522190F1E2D000FA5AF /* INNamespace.h */ = {isa = PBXFileReference; fileEncoding = 4; lastKnownFileType = sourcecode.c.h; name = INNamespace.h; path = Models/INNamespace.h; sourceTree = "<group>"; };
		43AAF523190F1E2D000FA5AF /* INNamespace.m */ = {isa = PBXFileReference; fileEncoding = 4; lastKnownFileType = sourcecode.c.objc; name = INNamespace.m; path = Models/INNamespace.m; sourceTree = "<group>"; };
		43AAF527190F20F6000FA5AF /* INModelArrayResponseSerializer.h */ = {isa = PBXFileReference; fileEncoding = 4; lastKnownFileType = sourcecode.c.h; path = INModelArrayResponseSerializer.h; sourceTree = "<group>"; };
		43AAF528190F20F6000FA5AF /* INModelArrayResponseSerializer.m */ = {isa = PBXFileReference; fileEncoding = 4; lastKnownFileType = sourcecode.c.objc; path = INModelArrayResponseSerializer.m; sourceTree = "<group>"; };
		43AAF52D19117BED000FA5AF /* INAccount.h */ = {isa = PBXFileReference; fileEncoding = 4; lastKnownFileType = sourcecode.c.h; name = INAccount.h; path = Models/INAccount.h; sourceTree = "<group>"; };
		43AAF52E19117BED000FA5AF /* INAccount.m */ = {isa = PBXFileReference; fileEncoding = 4; lastKnownFileType = sourcecode.c.objc; name = INAccount.m; path = Models/INAccount.m; sourceTree = "<group>"; };
		43AAF53019117C89000FA5AF /* INLabel.h */ = {isa = PBXFileReference; fileEncoding = 4; lastKnownFileType = sourcecode.c.h; name = INLabel.h; path = Models/INLabel.h; sourceTree = "<group>"; };
		43AAF53119117C89000FA5AF /* INLabel.m */ = {isa = PBXFileReference; fileEncoding = 4; lastKnownFileType = sourcecode.c.objc; name = INLabel.m; path = Models/INLabel.m; sourceTree = "<group>"; };
		43AAF5331911B8E5000FA5AF /* INThreadViewController.h */ = {isa = PBXFileReference; fileEncoding = 4; lastKnownFileType = sourcecode.c.h; path = INThreadViewController.h; sourceTree = "<group>"; };
		43AAF5341911B8E5000FA5AF /* INThreadViewController.m */ = {isa = PBXFileReference; fileEncoding = 4; lastKnownFileType = sourcecode.c.objc; path = INThreadViewController.m; sourceTree = "<group>"; };
		43AAF5351911B8E5000FA5AF /* INThreadViewController.xib */ = {isa = PBXFileReference; fileEncoding = 4; lastKnownFileType = file.xib; path = INThreadViewController.xib; sourceTree = "<group>"; };
		43AAF5381911BD71000FA5AF /* INMessage.h */ = {isa = PBXFileReference; fileEncoding = 4; lastKnownFileType = sourcecode.c.h; name = INMessage.h; path = BigSur/Models/INMessage.h; sourceTree = SOURCE_ROOT; };
		43AAF5391911BD71000FA5AF /* INMessage.m */ = {isa = PBXFileReference; fileEncoding = 4; lastKnownFileType = sourcecode.c.objc; name = INMessage.m; path = BigSur/Models/INMessage.m; sourceTree = SOURCE_ROOT; };
		43AAF53B1911CFC0000FA5AF /* INMessageProvider.h */ = {isa = PBXFileReference; fileEncoding = 4; lastKnownFileType = sourcecode.c.h; name = INMessageProvider.h; path = Models/INMessageProvider.h; sourceTree = "<group>"; };
		43AAF53C1911CFC0000FA5AF /* INMessageProvider.m */ = {isa = PBXFileReference; fileEncoding = 4; lastKnownFileType = sourcecode.c.objc; name = INMessageProvider.m; path = Models/INMessageProvider.m; sourceTree = "<group>"; };
		43AAF5401912B05E000FA5AF /* NSDictionary+FormatConversion.h */ = {isa = PBXFileReference; fileEncoding = 4; lastKnownFileType = sourcecode.c.h; path = "NSDictionary+FormatConversion.h"; sourceTree = "<group>"; };
		43AAF5411912B05E000FA5AF /* NSDictionary+FormatConversion.m */ = {isa = PBXFileReference; fileEncoding = 4; lastKnownFileType = sourcecode.c.objc; path = "NSDictionary+FormatConversion.m"; sourceTree = "<group>"; };
		43AAF5471912D607000FA5AF /* INMessageCollectionViewCell.h */ = {isa = PBXFileReference; fileEncoding = 4; lastKnownFileType = sourcecode.c.h; path = INMessageCollectionViewCell.h; sourceTree = "<group>"; };
		43AAF5481912D607000FA5AF /* INMessageCollectionViewCell.m */ = {isa = PBXFileReference; fileEncoding = 4; lastKnownFileType = sourcecode.c.objc; path = INMessageCollectionViewCell.m; sourceTree = "<group>"; };
		43AAF54A1912D614000FA5AF /* INMessageCollectionViewCell.xib */ = {isa = PBXFileReference; fileEncoding = 4; lastKnownFileType = file.xib; path = INMessageCollectionViewCell.xib; sourceTree = "<group>"; };
		43AAF54C1912E985000FA5AF /* INThreadTableViewCell.h */ = {isa = PBXFileReference; fileEncoding = 4; lastKnownFileType = sourcecode.c.h; path = INThreadTableViewCell.h; sourceTree = "<group>"; };
		43AAF54D1912E985000FA5AF /* INThreadTableViewCell.m */ = {isa = PBXFileReference; fileEncoding = 4; lastKnownFileType = sourcecode.c.objc; path = INThreadTableViewCell.m; sourceTree = "<group>"; };
		43AAF54F1912EB72000FA5AF /* UIView+FrameAdditions.h */ = {isa = PBXFileReference; fileEncoding = 4; lastKnownFileType = sourcecode.c.h; path = "UIView+FrameAdditions.h"; sourceTree = "<group>"; };
		43AAF5501912EB72000FA5AF /* UIView+FrameAdditions.m */ = {isa = PBXFileReference; fileEncoding = 4; lastKnownFileType = sourcecode.c.objc; path = "UIView+FrameAdditions.m"; sourceTree = "<group>"; };
		43AAF5521912F5D1000FA5AF /* message.css */ = {isa = PBXFileReference; fileEncoding = 4; lastKnownFileType = text.css; name = message.css; path = BigSur/CSS/message.css; sourceTree = SOURCE_ROOT; };
		43AE9B721918045C005D70C0 /* INContactsViewController.h */ = {isa = PBXFileReference; fileEncoding = 4; lastKnownFileType = sourcecode.c.h; path = INContactsViewController.h; sourceTree = "<group>"; };
		43AE9B731918045C005D70C0 /* INContactsViewController.m */ = {isa = PBXFileReference; fileEncoding = 4; lastKnownFileType = sourcecode.c.objc; path = INContactsViewController.m; sourceTree = "<group>"; };
		43AE9B741918045C005D70C0 /* INContactsViewController.xib */ = {isa = PBXFileReference; fileEncoding = 4; lastKnownFileType = file.xib; path = INContactsViewController.xib; sourceTree = "<group>"; };
		43AE9B77191833AF005D70C0 /* INComposeViewController.h */ = {isa = PBXFileReference; fileEncoding = 4; lastKnownFileType = sourcecode.c.h; path = INComposeViewController.h; sourceTree = "<group>"; };
		43AE9B78191833AF005D70C0 /* INComposeViewController.m */ = {isa = PBXFileReference; fileEncoding = 4; lastKnownFileType = sourcecode.c.objc; path = INComposeViewController.m; sourceTree = "<group>"; };
		43AE9B79191833AF005D70C0 /* INComposeViewController.xib */ = {isa = PBXFileReference; fileEncoding = 4; lastKnownFileType = file.xib; path = INComposeViewController.xib; sourceTree = "<group>"; };
		43D12B5719088E2100ACDCAB /* INPredicateToSQLConverter.h */ = {isa = PBXFileReference; fileEncoding = 4; lastKnownFileType = sourcecode.c.h; name = INPredicateToSQLConverter.h; path = BigSur/INPredicateToSQLConverter.h; sourceTree = SOURCE_ROOT; };
		43D12B5819088E2100ACDCAB /* INPredicateToSQLConverter.m */ = {isa = PBXFileReference; fileEncoding = 4; lastKnownFileType = sourcecode.c.objc; name = INPredicateToSQLConverter.m; path = BigSur/INPredicateToSQLConverter.m; sourceTree = SOURCE_ROOT; };
		43F22A7219071A1100A032D1 /* BigSur.app */ = {isa = PBXFileReference; explicitFileType = wrapper.application; includeInIndex = 0; path = BigSur.app; sourceTree = BUILT_PRODUCTS_DIR; };
		43F22A7519071A1100A032D1 /* Foundation.framework */ = {isa = PBXFileReference; lastKnownFileType = wrapper.framework; name = Foundation.framework; path = System/Library/Frameworks/Foundation.framework; sourceTree = SDKROOT; };
		43F22A7719071A1100A032D1 /* CoreGraphics.framework */ = {isa = PBXFileReference; lastKnownFileType = wrapper.framework; name = CoreGraphics.framework; path = System/Library/Frameworks/CoreGraphics.framework; sourceTree = SDKROOT; };
		43F22A7919071A1100A032D1 /* UIKit.framework */ = {isa = PBXFileReference; lastKnownFileType = wrapper.framework; name = UIKit.framework; path = System/Library/Frameworks/UIKit.framework; sourceTree = SDKROOT; };
		43F22A7D19071A1100A032D1 /* BigSur-Info.plist */ = {isa = PBXFileReference; lastKnownFileType = text.plist.xml; path = "BigSur-Info.plist"; sourceTree = "<group>"; };
		43F22A7F19071A1100A032D1 /* en */ = {isa = PBXFileReference; lastKnownFileType = text.plist.strings; name = en; path = en.lproj/InfoPlist.strings; sourceTree = "<group>"; };
		43F22A8119071A1100A032D1 /* main.m */ = {isa = PBXFileReference; lastKnownFileType = sourcecode.c.objc; path = main.m; sourceTree = "<group>"; };
		43F22A8319071A1100A032D1 /* BigSur-Prefix.pch */ = {isa = PBXFileReference; lastKnownFileType = sourcecode.c.h; path = "BigSur-Prefix.pch"; sourceTree = "<group>"; };
		43F22A8419071A1100A032D1 /* INAppDelegate.h */ = {isa = PBXFileReference; lastKnownFileType = sourcecode.c.h; path = INAppDelegate.h; sourceTree = "<group>"; };
		43F22A8519071A1100A032D1 /* INAppDelegate.m */ = {isa = PBXFileReference; lastKnownFileType = sourcecode.c.objc; path = INAppDelegate.m; sourceTree = "<group>"; };
		43F22A8D19071A1100A032D1 /* Images.xcassets */ = {isa = PBXFileReference; lastKnownFileType = folder.assetcatalog; path = Images.xcassets; sourceTree = "<group>"; };
		43F22A9419071A1100A032D1 /* XCTest.framework */ = {isa = PBXFileReference; lastKnownFileType = wrapper.framework; name = XCTest.framework; path = Library/Frameworks/XCTest.framework; sourceTree = DEVELOPER_DIR; };
		43F22AB219071A3A00A032D1 /* BigSurCoreFramework.framework */ = {isa = PBXFileReference; explicitFileType = wrapper.cfbundle; includeInIndex = 0; path = BigSurCoreFramework.framework; sourceTree = BUILT_PRODUCTS_DIR; };
		43F22AB519071A3A00A032D1 /* BigSurCoreFramework-Info.plist */ = {isa = PBXFileReference; lastKnownFileType = text.plist.xml; path = "BigSurCoreFramework-Info.plist"; sourceTree = "<group>"; };
		43F22AB719071A3A00A032D1 /* en */ = {isa = PBXFileReference; lastKnownFileType = text.plist.strings; name = en; path = en.lproj/InfoPlist.strings; sourceTree = "<group>"; };
		43F22AB919071A3A00A032D1 /* BigSurCoreFramework-Prefix.pch */ = {isa = PBXFileReference; lastKnownFileType = sourcecode.c.h; path = "BigSurCoreFramework-Prefix.pch"; sourceTree = "<group>"; };
		43F22AC319071C5200A032D1 /* NSObject+AssociatedObjects.h */ = {isa = PBXFileReference; fileEncoding = 4; lastKnownFileType = sourcecode.c.h; path = "NSObject+AssociatedObjects.h"; sourceTree = "<group>"; };
		43F22AC419071C5200A032D1 /* NSObject+AssociatedObjects.m */ = {isa = PBXFileReference; fileEncoding = 4; lastKnownFileType = sourcecode.c.objc; path = "NSObject+AssociatedObjects.m"; sourceTree = "<group>"; };
		43F22AC519071C5200A032D1 /* NSObject+Properties.h */ = {isa = PBXFileReference; fileEncoding = 4; lastKnownFileType = sourcecode.c.h; path = "NSObject+Properties.h"; sourceTree = "<group>"; };
		43F22AC619071C5200A032D1 /* NSObject+Properties.m */ = {isa = PBXFileReference; fileEncoding = 4; lastKnownFileType = sourcecode.c.objc; path = "NSObject+Properties.m"; sourceTree = "<group>"; };
		43F22AC719071C5200A032D1 /* NSString+FormatConversion.h */ = {isa = PBXFileReference; fileEncoding = 4; lastKnownFileType = sourcecode.c.h; path = "NSString+FormatConversion.h"; sourceTree = "<group>"; };
		43F22AC819071C5200A032D1 /* NSString+FormatConversion.m */ = {isa = PBXFileReference; fileEncoding = 4; lastKnownFileType = sourcecode.c.objc; path = "NSString+FormatConversion.m"; sourceTree = "<group>"; };
		43F22ACA19071C5200A032D1 /* INViewController.h */ = {isa = PBXFileReference; fileEncoding = 4; lastKnownFileType = sourcecode.c.h; path = INViewController.h; sourceTree = "<group>"; };
		43F22ACB19071C5200A032D1 /* INViewController.m */ = {isa = PBXFileReference; fileEncoding = 4; lastKnownFileType = sourcecode.c.objc; path = INViewController.m; sourceTree = "<group>"; };
		43F22ACC19071C5200A032D1 /* INViewController.xib */ = {isa = PBXFileReference; fileEncoding = 4; lastKnownFileType = file.xib; path = INViewController.xib; sourceTree = "<group>"; };
		43F22AD219071D3600A032D1 /* INDatabaseManager.h */ = {isa = PBXFileReference; fileEncoding = 4; lastKnownFileType = sourcecode.c.h; name = INDatabaseManager.h; path = BigSur/INDatabaseManager.h; sourceTree = SOURCE_ROOT; };
		43F22AD319071D3600A032D1 /* INDatabaseManager.m */ = {isa = PBXFileReference; fileEncoding = 4; lastKnownFileType = sourcecode.c.objc; name = INDatabaseManager.m; path = BigSur/INDatabaseManager.m; sourceTree = SOURCE_ROOT; };
		43F22AD81907252400A032D1 /* FMDatabase+INModelQueries.h */ = {isa = PBXFileReference; fileEncoding = 4; lastKnownFileType = sourcecode.c.h; path = "FMDatabase+INModelQueries.h"; sourceTree = "<group>"; };
		43F22AD91907252400A032D1 /* FMDatabase+INModelQueries.m */ = {isa = PBXFileReference; fileEncoding = 4; lastKnownFileType = sourcecode.c.objc; path = "FMDatabase+INModelQueries.m"; sourceTree = "<group>"; };
		43F22ADD19072E6400A032D1 /* INModelObject.h */ = {isa = PBXFileReference; fileEncoding = 4; lastKnownFileType = sourcecode.c.h; name = INModelObject.h; path = Models/INModelObject.h; sourceTree = "<group>"; };
		43F22ADE19072E6400A032D1 /* INModelObject.m */ = {isa = PBXFileReference; fileEncoding = 4; lastKnownFileType = sourcecode.c.objc; name = INModelObject.m; path = Models/INModelObject.m; sourceTree = "<group>"; };
		43F22AE019072E6A00A032D1 /* INContact.h */ = {isa = PBXFileReference; fileEncoding = 4; lastKnownFileType = sourcecode.c.h; path = INContact.h; sourceTree = "<group>"; };
		43F22AE119072E6A00A032D1 /* INContact.m */ = {isa = PBXFileReference; fileEncoding = 4; lastKnownFileType = sourcecode.c.objc; path = INContact.m; sourceTree = "<group>"; };
		43F22AE4190736D300A032D1 /* INAPIOperation.h */ = {isa = PBXFileReference; fileEncoding = 4; lastKnownFileType = sourcecode.c.h; name = INAPIOperation.h; path = "Models/API Calls/INAPIOperation.h"; sourceTree = "<group>"; };
		43F22AE5190736D300A032D1 /* INAPIOperation.m */ = {isa = PBXFileReference; fileEncoding = 4; lastKnownFileType = sourcecode.c.objc; name = INAPIOperation.m; path = "Models/API Calls/INAPIOperation.m"; sourceTree = "<group>"; };
		43F22AE819073DDA00A032D1 /* FMResultSet+INModelQueries.h */ = {isa = PBXFileReference; fileEncoding = 4; lastKnownFileType = sourcecode.c.h; path = "FMResultSet+INModelQueries.h"; sourceTree = "<group>"; };
		43F22AE919073DDA00A032D1 /* FMResultSet+INModelQueries.m */ = {isa = PBXFileReference; fileEncoding = 4; lastKnownFileType = sourcecode.c.objc; path = "FMResultSet+INModelQueries.m"; sourceTree = "<group>"; };
		7ACFCC688CD14ACE9835C12A /* Pods-BigSurFramework.xcconfig */ = {isa = PBXFileReference; includeInIndex = 1; lastKnownFileType = text.xcconfig; name = "Pods-BigSurFramework.xcconfig"; path = "Pods/Pods-BigSurFramework.xcconfig"; sourceTree = "<group>"; };
		7BC3F53319D74B529C87E055 /* libPods-BigSurFramework.a */ = {isa = PBXFileReference; explicitFileType = archive.ar; includeInIndex = 0; path = "libPods-BigSurFramework.a"; sourceTree = BUILT_PRODUCTS_DIR; };
		8EC1E944BF5548068564D916 /* Pods-BigSur.xcconfig */ = {isa = PBXFileReference; includeInIndex = 1; lastKnownFileType = text.xcconfig; name = "Pods-BigSur.xcconfig"; path = "Pods/Pods-BigSur.xcconfig"; sourceTree = "<group>"; };
		9B251294EBA94538841578AB /* libPods-BigSurTests.a */ = {isa = PBXFileReference; explicitFileType = archive.ar; includeInIndex = 0; path = "libPods-BigSurTests.a"; sourceTree = BUILT_PRODUCTS_DIR; };
		A001EFB96BFF4722BDE59D9F /* Pods-BigSurTests.xcconfig */ = {isa = PBXFileReference; includeInIndex = 1; lastKnownFileType = text.xcconfig; name = "Pods-BigSurTests.xcconfig"; path = "Pods/Pods-BigSurTests.xcconfig"; sourceTree = "<group>"; };
		A28BBE2B2EE44F8D9D162151 /* libPods-BigSurCoreFramework.a */ = {isa = PBXFileReference; explicitFileType = archive.ar; includeInIndex = 0; path = "libPods-BigSurCoreFramework.a"; sourceTree = BUILT_PRODUCTS_DIR; };
		EE531875BD974E65B85108A0 /* libPods-BigSur.a */ = {isa = PBXFileReference; explicitFileType = archive.ar; includeInIndex = 0; path = "libPods-BigSur.a"; sourceTree = BUILT_PRODUCTS_DIR; };
/* End PBXFileReference section */

/* Begin PBXFrameworksBuildPhase section */
		4317023819132BA10002491F /* Frameworks */ = {
			isa = PBXFrameworksBuildPhase;
			buildActionMask = 2147483647;
			files = (
				4317023C19132BA10002491F /* XCTest.framework in Frameworks */,
				4317023E19132BA10002491F /* UIKit.framework in Frameworks */,
				4317023D19132BA10002491F /* Foundation.framework in Frameworks */,
				E3540A1C6D4D4A35B9541B0A /* libPods-BigSurTests.a in Frameworks */,
			);
			runOnlyForDeploymentPostprocessing = 0;
		};
		43F22A6F19071A1100A032D1 /* Frameworks */ = {
			isa = PBXFrameworksBuildPhase;
			buildActionMask = 2147483647;
			files = (
				43F22A7819071A1100A032D1 /* CoreGraphics.framework in Frameworks */,
				43F22A7A19071A1100A032D1 /* UIKit.framework in Frameworks */,
				43F22A7619071A1100A032D1 /* Foundation.framework in Frameworks */,
				F4DE7859C9594238811D4985 /* libPods-BigSur.a in Frameworks */,
			);
			runOnlyForDeploymentPostprocessing = 0;
		};
		43F22AAC19071A3A00A032D1 /* Frameworks */ = {
			isa = PBXFrameworksBuildPhase;
			buildActionMask = 2147483647;
			files = (
				8C8B9E462A8A415797003B95 /* libPods-BigSurCoreFramework.a in Frameworks */,
				E15CA3529CD04652A09EF492 /* libPods-BigSurFramework.a in Frameworks */,
			);
			runOnlyForDeploymentPostprocessing = 0;
		};
/* End PBXFrameworksBuildPhase section */

/* Begin PBXGroup section */
		4317023F19132BA10002491F /* BigSurTests */ = {
			isa = PBXGroup;
			children = (
				4317024519132BA10002491F /* INModelProviderTests.m */,
				4317024019132BA10002491F /* Supporting Files */,
			);
			path = BigSurTests;
			sourceTree = "<group>";
		};
		4317024019132BA10002491F /* Supporting Files */ = {
			isa = PBXGroup;
			children = (
				4317024119132BA10002491F /* BigSurTests-Info.plist */,
				4317024219132BA10002491F /* InfoPlist.strings */,
				4317024719132BA10002491F /* BigSurTests-Prefix.pch */,
			);
			name = "Supporting Files";
			sourceTree = "<group>";
		};
		43AAF521190F1B67000FA5AF /* Model Providers */ = {
			isa = PBXGroup;
			children = (
				4332A01C1909E56900D689F1 /* INModelProvider.h */,
				431AAA2C19133734008751D8 /* INModelProvider+Private.h */,
				4332A01D1909E56900D689F1 /* INModelProvider.m */,
				43D12B5719088E2100ACDCAB /* INPredicateToSQLConverter.h */,
				43D12B5819088E2100ACDCAB /* INPredicateToSQLConverter.m */,
				439283C21914582400926291 /* INPredicateToQueryParamConverter.h */,
				439283C31914582400926291 /* INPredicateToQueryParamConverter.m */,
				43AAF526190F1E3E000FA5AF /* Concrete Classes */,
			);
			name = "Model Providers";
			sourceTree = "<group>";
		};
		43AAF525190F1E36000FA5AF /* Concrete Classes */ = {
			isa = PBXGroup;
			children = (
				43AAF522190F1E2D000FA5AF /* INNamespace.h */,
				43AAF523190F1E2D000FA5AF /* INNamespace.m */,
				43AAF53019117C89000FA5AF /* INLabel.h */,
				43AAF53119117C89000FA5AF /* INLabel.m */,
				43AAF52D19117BED000FA5AF /* INAccount.h */,
				43AAF52E19117BED000FA5AF /* INAccount.m */,
				43F22AE019072E6A00A032D1 /* INContact.h */,
				43F22AE119072E6A00A032D1 /* INContact.m */,
				43AAF51B190F037E000FA5AF /* INThread.h */,
				43AAF51C190F037E000FA5AF /* INThread.m */,
				43AAF5381911BD71000FA5AF /* INMessage.h */,
				43AAF5391911BD71000FA5AF /* INMessage.m */,
			);
			name = "Concrete Classes";
			sourceTree = "<group>";
		};
		43AAF526190F1E3E000FA5AF /* Concrete Classes */ = {
			isa = PBXGroup;
			children = (
				43AAF51E190F1B5D000FA5AF /* INThreadProvider.h */,
				43AAF51F190F1B5D000FA5AF /* INThreadProvider.m */,
				43AAF53B1911CFC0000FA5AF /* INMessageProvider.h */,
				43AAF53C1911CFC0000FA5AF /* INMessageProvider.m */,
			);
			name = "Concrete Classes";
			sourceTree = "<group>";
		};
		43AAF5461912D607000FA5AF /* Views */ = {
			isa = PBXGroup;
			children = (
				439283BF191450AA00926291 /* INRecipientsLabel.h */,
				439283C0191450AA00926291 /* INRecipientsLabel.m */,
				43AAF54C1912E985000FA5AF /* INThreadTableViewCell.h */,
				43AAF54D1912E985000FA5AF /* INThreadTableViewCell.m */,
				43AAF5471912D607000FA5AF /* INMessageCollectionViewCell.h */,
				43AAF5481912D607000FA5AF /* INMessageCollectionViewCell.m */,
				43AAF54A1912D614000FA5AF /* INMessageCollectionViewCell.xib */,
			);
			path = Views;
			sourceTree = "<group>";
		};
		43AAF5541912F5D6000FA5AF /* CSS */ = {
			isa = PBXGroup;
			children = (
				439283B9191428E500926291 /* message.js */,
				43AAF5521912F5D1000FA5AF /* message.css */,
			);
			name = CSS;
			path = Controllers;
			sourceTree = "<group>";
		};
		43F22A6919071A1000A032D1 = {
			isa = PBXGroup;
			children = (
				43F22A7B19071A1100A032D1 /* BigSur */,
				43F22AB319071A3A00A032D1 /* BigSur Core */,
				4317023F19132BA10002491F /* BigSurTests */,
				43F22A7419071A1100A032D1 /* Frameworks */,
				43F22A7319071A1100A032D1 /* Products */,
				8EC1E944BF5548068564D916 /* Pods-BigSur.xcconfig */,
				7ACFCC688CD14ACE9835C12A /* Pods-BigSurFramework.xcconfig */,
				A001EFB96BFF4722BDE59D9F /* Pods-BigSurTests.xcconfig */,
			);
			sourceTree = "<group>";
		};
		43F22A7319071A1100A032D1 /* Products */ = {
			isa = PBXGroup;
			children = (
				43F22A7219071A1100A032D1 /* BigSur.app */,
				43F22AB219071A3A00A032D1 /* BigSurCoreFramework.framework */,
				4317023B19132BA10002491F /* BigSurTests.xctest */,
			);
			name = Products;
			sourceTree = "<group>";
		};
		43F22A7419071A1100A032D1 /* Frameworks */ = {
			isa = PBXGroup;
			children = (
				43F22A7519071A1100A032D1 /* Foundation.framework */,
				43F22A7719071A1100A032D1 /* CoreGraphics.framework */,
				43F22A7919071A1100A032D1 /* UIKit.framework */,
				43F22A9419071A1100A032D1 /* XCTest.framework */,
				EE531875BD974E65B85108A0 /* libPods-BigSur.a */,
				A28BBE2B2EE44F8D9D162151 /* libPods-BigSurCoreFramework.a */,
				7BC3F53319D74B529C87E055 /* libPods-BigSurFramework.a */,
				9B251294EBA94538841578AB /* libPods-BigSurTests.a */,
				4325D513191329DC00743CD4 /* SenTestingKit.framework */,
			);
			name = Frameworks;
			sourceTree = "<group>";
		};
		43F22A7B19071A1100A032D1 /* BigSur */ = {
			isa = PBXGroup;
			children = (
				43F22A8419071A1100A032D1 /* INAppDelegate.h */,
				43F22A8519071A1100A032D1 /* INAppDelegate.m */,
				43F22AD219071D3600A032D1 /* INDatabaseManager.h */,
				43F22AD319071D3600A032D1 /* INDatabaseManager.m */,
				43329FC91909B34D00D689F1 /* INAPIManager.h */,
				43329FCA1909B34D00D689F1 /* INAPIManager.m */,
				43AAF5461912D607000FA5AF /* Views */,
				43AAF521190F1B67000FA5AF /* Model Providers */,
				43F22AC219071C5200A032D1 /* Categories */,
				43F22AE319072E7300A032D1 /* Models */,
				43AAF5541912F5D6000FA5AF /* CSS */,
				43F22AC919071C5200A032D1 /* Controllers */,
				43F22A7C19071A1100A032D1 /* Supporting Files */,
				43F22A8D19071A1100A032D1 /* Images.xcassets */,
			);
			path = BigSur;
			sourceTree = "<group>";
		};
		43F22A7C19071A1100A032D1 /* Supporting Files */ = {
			isa = PBXGroup;
			children = (
				43F22A7D19071A1100A032D1 /* BigSur-Info.plist */,
				43F22A7E19071A1100A032D1 /* InfoPlist.strings */,
				43F22A8119071A1100A032D1 /* main.m */,
				43F22A8319071A1100A032D1 /* BigSur-Prefix.pch */,
			);
			name = "Supporting Files";
			sourceTree = "<group>";
		};
		43F22AB319071A3A00A032D1 /* BigSur Core */ = {
			isa = PBXGroup;
			children = (
				43F22AB419071A3A00A032D1 /* Supporting Files */,
			);
			name = "BigSur Core";
			path = BigSurCoreFramework;
			sourceTree = "<group>";
		};
		43F22AB419071A3A00A032D1 /* Supporting Files */ = {
			isa = PBXGroup;
			children = (
				43F22AB519071A3A00A032D1 /* BigSurCoreFramework-Info.plist */,
				43F22AB619071A3A00A032D1 /* InfoPlist.strings */,
				43F22AB919071A3A00A032D1 /* BigSurCoreFramework-Prefix.pch */,
			);
			name = "Supporting Files";
			sourceTree = "<group>";
		};
		43F22AC219071C5200A032D1 /* Categories */ = {
			isa = PBXGroup;
			children = (
				439283BC19144B6F00926291 /* INConvenienceCategories.h */,
				439283BD19144B6F00926291 /* INConvenienceCategories.m */,
				431AAA2919133633008751D8 /* NSPredicate+Inspection.h */,
				431AAA2A19133633008751D8 /* NSPredicate+Inspection.m */,
				43AAF54F1912EB72000FA5AF /* UIView+FrameAdditions.h */,
				43AAF5501912EB72000FA5AF /* UIView+FrameAdditions.m */,
				43F22AC319071C5200A032D1 /* NSObject+AssociatedObjects.h */,
				43F22AC419071C5200A032D1 /* NSObject+AssociatedObjects.m */,
				43F22AC519071C5200A032D1 /* NSObject+Properties.h */,
				43F22AC619071C5200A032D1 /* NSObject+Properties.m */,
				43F22AC719071C5200A032D1 /* NSString+FormatConversion.h */,
				43F22AC819071C5200A032D1 /* NSString+FormatConversion.m */,
				43AAF5401912B05E000FA5AF /* NSDictionary+FormatConversion.h */,
				43AAF5411912B05E000FA5AF /* NSDictionary+FormatConversion.m */,
				43F22AD81907252400A032D1 /* FMDatabase+INModelQueries.h */,
				43F22AD91907252400A032D1 /* FMDatabase+INModelQueries.m */,
				43F22AE819073DDA00A032D1 /* FMResultSet+INModelQueries.h */,
				43F22AE919073DDA00A032D1 /* FMResultSet+INModelQueries.m */,
			);
			path = Categories;
			sourceTree = "<group>";
		};
		43F22AC919071C5200A032D1 /* Controllers */ = {
			isa = PBXGroup;
			children = (
				43F22ACA19071C5200A032D1 /* INViewController.h */,
				43F22ACB19071C5200A032D1 /* INViewController.m */,
				43F22ACC19071C5200A032D1 /* INViewController.xib */,
				43AE9B721918045C005D70C0 /* INContactsViewController.h */,
				43AE9B731918045C005D70C0 /* INContactsViewController.m */,
				43AE9B741918045C005D70C0 /* INContactsViewController.xib */,
				43AAF5331911B8E5000FA5AF /* INThreadViewController.h */,
				43AAF5341911B8E5000FA5AF /* INThreadViewController.m */,
				43AAF5351911B8E5000FA5AF /* INThreadViewController.xib */,
				43AE9B77191833AF005D70C0 /* INComposeViewController.h */,
				43AE9B78191833AF005D70C0 /* INComposeViewController.m */,
				43AE9B79191833AF005D70C0 /* INComposeViewController.xib */,
			);
			path = Controllers;
			sourceTree = "<group>";
		};
		43F22AE319072E7300A032D1 /* Models */ = {
			isa = PBXGroup;
			children = (
				43F22AE4190736D300A032D1 /* INAPIOperation.h */,
				43F22AE5190736D300A032D1 /* INAPIOperation.m */,
				43F22ADD19072E6400A032D1 /* INModelObject.h */,
				43F22ADE19072E6400A032D1 /* INModelObject.m */,
				43AAF518190EE558000FA5AF /* INModelObject+Uniquing.h */,
				43AAF519190EE558000FA5AF /* INModelObject+Uniquing.m */,
				43AAF527190F20F6000FA5AF /* INModelArrayResponseSerializer.h */,
				43AAF528190F20F6000FA5AF /* INModelArrayResponseSerializer.m */,
				43AAF525190F1E36000FA5AF /* Concrete Classes */,
			);
			name = Models;
			sourceTree = "<group>";
		};
/* End PBXGroup section */

/* Begin PBXHeadersBuildPhase section */
		43F22AAD19071A3A00A032D1 /* Headers */ = {
			isa = PBXHeadersBuildPhase;
			buildActionMask = 2147483647;
			files = (
				431AAA2D19133734008751D8 /* INModelProvider+Private.h in Headers */,
			);
			runOnlyForDeploymentPostprocessing = 0;
		};
/* End PBXHeadersBuildPhase section */

/* Begin PBXNativeTarget section */
		4317023A19132BA10002491F /* BigSurTests */ = {
			isa = PBXNativeTarget;
			buildConfigurationList = 4317024A19132BA10002491F /* Build configuration list for PBXNativeTarget "BigSurTests" */;
			buildPhases = (
				0BA9CF6855EF498B9CA6C0A0 /* Check Pods Manifest.lock */,
				4317023719132BA10002491F /* Sources */,
				4317023819132BA10002491F /* Frameworks */,
				4317023919132BA10002491F /* Resources */,
				70D92777D9284523A44AF9BA /* Copy Pods Resources */,
			);
			buildRules = (
			);
			dependencies = (
				4317024919132BA10002491F /* PBXTargetDependency */,
			);
			name = BigSurTests;
			productName = BigSurTests;
			productReference = 4317023B19132BA10002491F /* BigSurTests.xctest */;
			productType = "com.apple.product-type.bundle.unit-test";
		};
		43F22A7119071A1100A032D1 /* BigSur */ = {
			isa = PBXNativeTarget;
			buildConfigurationList = 43F22AA419071A1100A032D1 /* Build configuration list for PBXNativeTarget "BigSur" */;
			buildPhases = (
				FF7605F5F805472081A19E2F /* Check Pods Manifest.lock */,
				43F22A6E19071A1100A032D1 /* Sources */,
				43F22A6F19071A1100A032D1 /* Frameworks */,
				43F22A7019071A1100A032D1 /* Resources */,
				7C3E1C59E7884C76BF05137A /* Copy Pods Resources */,
			);
			buildRules = (
			);
			dependencies = (
			);
			name = BigSur;
			productName = BigSur;
			productReference = 43F22A7219071A1100A032D1 /* BigSur.app */;
			productType = "com.apple.product-type.application";
		};
		43F22AB119071A3A00A032D1 /* BigSurFramework */ = {
			isa = PBXNativeTarget;
			buildConfigurationList = 43F22ABA19071A3A00A032D1 /* Build configuration list for PBXNativeTarget "BigSurFramework" */;
			buildPhases = (
				8FBE91C7391F4E6194714D01 /* Check Pods Manifest.lock */,
				43F22AAA19071A3A00A032D1 /* ShellScript */,
				43F22AAB19071A3A00A032D1 /* Sources */,
				43F22AAC19071A3A00A032D1 /* Frameworks */,
				43F22AAD19071A3A00A032D1 /* Headers */,
				43F22AAE19071A3A00A032D1 /* Resources */,
				43F22AAF19071A3A00A032D1 /* ShellScript */,
				43F22AB019071A3A00A032D1 /* ShellScript */,
				1D8940EE004146C192CB04A4 /* Copy Pods Resources */,
			);
			buildRules = (
			);
			dependencies = (
			);
			name = BigSurFramework;
			productName = BigSurCoreFramework;
			productReference = 43F22AB219071A3A00A032D1 /* BigSurCoreFramework.framework */;
			productType = "com.apple.product-type.bundle";
		};
/* End PBXNativeTarget section */

/* Begin PBXProject section */
		43F22A6A19071A1000A032D1 /* Project object */ = {
			isa = PBXProject;
			attributes = {
				CLASSPREFIX = IN;
				LastUpgradeCheck = 0510;
				ORGANIZATIONNAME = Inbox;
				TargetAttributes = {
					4317023A19132BA10002491F = {
						TestTargetID = 43F22A7119071A1100A032D1;
					};
				};
			};
			buildConfigurationList = 43F22A6D19071A1000A032D1 /* Build configuration list for PBXProject "BigSur" */;
			compatibilityVersion = "Xcode 3.2";
			developmentRegion = English;
			hasScannedForEncodings = 0;
			knownRegions = (
				en,
				Base,
			);
			mainGroup = 43F22A6919071A1000A032D1;
			productRefGroup = 43F22A7319071A1100A032D1 /* Products */;
			projectDirPath = "";
			projectRoot = "";
			targets = (
				43F22A7119071A1100A032D1 /* BigSur */,
				4317023A19132BA10002491F /* BigSurTests */,
				43F22AB119071A3A00A032D1 /* BigSurFramework */,
				43AAF513190ECC8E000FA5AF /* OCLint */,
			);
		};
/* End PBXProject section */

/* Begin PBXResourcesBuildPhase section */
		4317023919132BA10002491F /* Resources */ = {
			isa = PBXResourcesBuildPhase;
			buildActionMask = 2147483647;
			files = (
				4317024419132BA10002491F /* InfoPlist.strings in Resources */,
			);
			runOnlyForDeploymentPostprocessing = 0;
		};
		43F22A7019071A1100A032D1 /* Resources */ = {
			isa = PBXResourcesBuildPhase;
			buildActionMask = 2147483647;
			files = (
				43AAF54B1912D614000FA5AF /* INMessageCollectionViewCell.xib in Resources */,
				43F22A8E19071A1100A032D1 /* Images.xcassets in Resources */,
				43AE9B761918045C005D70C0 /* INContactsViewController.xib in Resources */,
				439283BA191428E500926291 /* message.js in Resources */,
				43AAF5371911B8E5000FA5AF /* INThreadViewController.xib in Resources */,
				43F22A8019071A1100A032D1 /* InfoPlist.strings in Resources */,
				43AE9B7B191833AF005D70C0 /* INComposeViewController.xib in Resources */,
				43F22AD119071C5200A032D1 /* INViewController.xib in Resources */,
				43AAF5531912F5D1000FA5AF /* message.css in Resources */,
			);
			runOnlyForDeploymentPostprocessing = 0;
		};
		43F22AAE19071A3A00A032D1 /* Resources */ = {
			isa = PBXResourcesBuildPhase;
			buildActionMask = 2147483647;
			files = (
				43F22AB819071A3A00A032D1 /* InfoPlist.strings in Resources */,
			);
			runOnlyForDeploymentPostprocessing = 0;
		};
/* End PBXResourcesBuildPhase section */

/* Begin PBXShellScriptBuildPhase section */
		0BA9CF6855EF498B9CA6C0A0 /* Check Pods Manifest.lock */ = {
			isa = PBXShellScriptBuildPhase;
			buildActionMask = 2147483647;
			files = (
			);
			inputPaths = (
			);
			name = "Check Pods Manifest.lock";
			outputPaths = (
			);
			runOnlyForDeploymentPostprocessing = 0;
			shellPath = /bin/sh;
			shellScript = "diff \"${PODS_ROOT}/../Podfile.lock\" \"${PODS_ROOT}/Manifest.lock\" > /dev/null\nif [[ $? != 0 ]] ; then\n    cat << EOM\nerror: The sandbox is not in sync with the Podfile.lock. Run 'pod install' or update your CocoaPods installation.\nEOM\n    exit 1\nfi\n";
			showEnvVarsInLog = 0;
		};
		1D8940EE004146C192CB04A4 /* Copy Pods Resources */ = {
			isa = PBXShellScriptBuildPhase;
			buildActionMask = 2147483647;
			files = (
			);
			inputPaths = (
			);
			name = "Copy Pods Resources";
			outputPaths = (
			);
			runOnlyForDeploymentPostprocessing = 0;
			shellPath = /bin/sh;
			shellScript = "\"${SRCROOT}/Pods/Pods-BigSurFramework-resources.sh\"\n";
			showEnvVarsInLog = 0;
		};
		43AAF517190ECCAE000FA5AF /* ShellScript */ = {
			isa = PBXShellScriptBuildPhase;
			buildActionMask = 2147483647;
			files = (
			);
			inputPaths = (
			);
			outputPaths = (
			);
			runOnlyForDeploymentPostprocessing = 0;
			shellPath = /bin/sh;
			shellScript = "source ~/.bash_profile\n\nhash oclint &> /dev/null\nif [ $? -eq 1 ]; then\necho >&2 \"oclint not found, analyzing stopped\"\nexit 1\nfi\n\ncd \"${TARGET_TEMP_DIR}\"\n\nif [ ! -f compile_commands.json ]; then\necho \"[*] compile_commands.json not found, possibly clean was performed\"\necho \"[*] starting xcodebuild to rebuild the project..\"\n# clean previous output\nif [ -f xcodebuild.log ]; then\nrm xcodebuild.log\nfi\n\ncd \"${SRCROOT}\"\n\nxcodebuild clean\n\n#build xcodebuild.log\nxcodebuild | tee \"${TARGET_TEMP_DIR}/xcodebuild.log\"\n#xcodebuild <options>| tee ${TARGET_TEMP_DIR}/xcodebuild.log\n\necho \"[*] transforming xcodebuild.log into compile_commands.json...\"\ncd \"${TARGET_TEMP_DIR}\"\n#transform it into compile_commands.json\noclint-xcodebuild\n\necho \"[*] copy compile_commands.json to the project root...\"\ncp \"${TARGET_TEMP_DIR}/compile_commands.json\" \"${SRCROOT}/compile_commands.json\"\n\nfi\n\necho \"[*] starting analyzing\"\ncd \"${TARGET_TEMP_DIR}\"\noclint-json-compilation-database | sed 's/\\(.*\\.\\m\\{1,2\\}:[0-9]*:[0-9]*:\\)/\\1 warning:/'";
		};
		43F22AAA19071A3A00A032D1 /* ShellScript */ = {
			isa = PBXShellScriptBuildPhase;
			buildActionMask = 2147483647;
			files = (
			);
			inputPaths = (
			);
			outputPaths = (
			);
			runOnlyForDeploymentPostprocessing = 0;
			shellPath = /bin/sh;
			shellScript = "set -e\n\nset +u\nif [[ $UFW_MASTER_SCRIPT_RUNNING ]]\nthen\n    # Nothing for the slave script to do\n    exit 0\nfi\nset -u\n\nif [[ \"$SDK_NAME\" =~ ([A-Za-z]+) ]]\nthen\n    UFW_SDK_PLATFORM=${BASH_REMATCH[1]}\nelse\n    echo \"Could not find platform name from SDK_NAME: $SDK_NAME\"\n    exit 1\nfi\n\nif [[ \"$SDK_NAME\" =~ ([0-9]+.*$) ]]\nthen\n\tUFW_SDK_VERSION=${BASH_REMATCH[1]}\nelse\n    echo \"Could not find sdk version  from SDK_NAME: $SDK_NAME\"\n    exit 1\nfi\n\nif [[ \"$UFW_SDK_PLATFORM\" = \"iphoneos\" ]]\nthen\n    UFW_OTHER_PLATFORM=iphonesimulator\nelse\n    UFW_OTHER_PLATFORM=iphoneos\nfi\n\nif [[ \"$BUILT_PRODUCTS_DIR\" =~ (.*)$UFW_SDK_PLATFORM$ ]]\nthen\n    UFW_OTHER_BUILT_PRODUCTS_DIR=\"${BASH_REMATCH[1]}${UFW_OTHER_PLATFORM}\"\nelse\n    echo \"Could not find $UFW_SDK_PLATFORM in $BUILT_PRODUCTS_DIR\"\n    exit 1\nfi\n\n\n# Short-circuit if all binaries are up to date\n\nif [[ -f \"${BUILT_PRODUCTS_DIR}/${EXECUTABLE_PATH}\" ]] && \\\n   [[ -f \"${BUILT_PRODUCTS_DIR}/${PRODUCT_NAME}.embeddedframework/${EXECUTABLE_PATH}\" ]] && \\\n   [[ ! \"${BUILT_PRODUCTS_DIR}/${EXECUTABLE_PATH}\" -nt \"${BUILT_PRODUCTS_DIR}/${PRODUCT_NAME}.embeddedframework/${EXECUTABLE_PATH}\" ]]\n   [[ -f \"${UFW_OTHER_BUILT_PRODUCTS_DIR}/${EXECUTABLE_PATH}\" ]] && \\\n   [[ -f \"${UFW_OTHER_BUILT_PRODUCTS_DIR}/${PRODUCT_NAME}.embeddedframework/${EXECUTABLE_PATH}\" ]] && \\\n   [[ ! \"${UFW_OTHER_BUILT_PRODUCTS_DIR}/${EXECUTABLE_PATH}\" -nt \"${UFW_OTHER_BUILT_PRODUCTS_DIR}/${PRODUCT_NAME}.embeddedframework/${EXECUTABLE_PATH}\" ]]\nthen\n    exit 0\nfi\n\n\n# Clean other platform if needed\n\nif [[ ! -f \"${BUILT_PRODUCTS_DIR}/${EXECUTABLE_PATH}\" ]]\nthen\n\techo \"Platform \\\"$UFW_SDK_PLATFORM\\\" was cleaned recently. Cleaning \\\"$UFW_OTHER_PLATFORM\\\" as well\"\n\techo xcodebuild -project \"${PROJECT_FILE_PATH}\" -target \"${TARGET_NAME}\" -configuration \"${CONFIGURATION}\" -sdk ${UFW_OTHER_PLATFORM}${UFW_SDK_VERSION} BUILD_DIR=\"${BUILD_DIR}\" CONFIGURATION_TEMP_DIR=\"${PROJECT_TEMP_DIR}/${CONFIGURATION}-${UFW_OTHER_PLATFORM}\" clean\n\txcodebuild -project \"${PROJECT_FILE_PATH}\" -target \"${TARGET_NAME}\" -configuration \"${CONFIGURATION}\" -sdk ${UFW_OTHER_PLATFORM}${UFW_SDK_VERSION} BUILD_DIR=\"${BUILD_DIR}\" CONFIGURATION_TEMP_DIR=\"${PROJECT_TEMP_DIR}/${CONFIGURATION}-${UFW_OTHER_PLATFORM}\" clean\nfi\n\n\n# Make sure we are building from fresh binaries\n\nrm -rf \"${BUILT_PRODUCTS_DIR}/${EXECUTABLE_PATH}\"\nrm -rf \"${BUILT_PRODUCTS_DIR}/${PRODUCT_NAME}.embeddedframework\"\nrm -rf \"${UFW_OTHER_BUILT_PRODUCTS_DIR}/${EXECUTABLE_PATH}\"\nrm -rf \"${UFW_OTHER_BUILT_PRODUCTS_DIR}/${PRODUCT_NAME}.embeddedframework\"\n";
			showEnvVarsInLog = 0;
		};
		43F22AAF19071A3A00A032D1 /* ShellScript */ = {
			isa = PBXShellScriptBuildPhase;
			buildActionMask = 2147483647;
			files = (
			);
			inputPaths = (
			);
			outputPaths = (
			);
			runOnlyForDeploymentPostprocessing = 0;
			shellPath = /bin/sh;
			shellScript = "HEADERS_ROOT=$SRCROOT/$PRODUCT_NAME\nFRAMEWORK_HEADERS_DIR=\"$BUILT_PRODUCTS_DIR/$WRAPPER_NAME/Versions/$FRAMEWORK_VERSION/Headers\"\n\n## only header files expected at this point\nPUBLIC_HEADERS=$(find $FRAMEWORK_HEADERS_DIR/. -not -type d 2> /dev/null | sed -e \"s@.*/@@g\")\n\nFIND_OPTS=\"\"\nfor PUBLIC_HEADER in $PUBLIC_HEADERS; do\n  if [ -n \"$FIND_OPTS\" ]; then\n    FIND_OPTS=\"$FIND_OPTS -o\"\n  fi\n  FIND_OPTS=\"$FIND_OPTS -name '$PUBLIC_HEADER'\"\ndone\n\nif [ -n \"$FIND_OPTS\" ]; then\n  for ORIG_HEADER in $(eval \"find $HEADERS_ROOT/. $FIND_OPTS\" 2> /dev/null | sed -e \"s@^$HEADERS_ROOT/./@@g\"); do\n    PUBLIC_HEADER=$(basename $ORIG_HEADER)\n    RELATIVE_PATH=$(dirname $ORIG_HEADER)\n    if [ -e $FRAMEWORK_HEADERS_DIR/$PUBLIC_HEADER ]; then\n      mkdir -p \"$FRAMEWORK_HEADERS_DIR/$RELATIVE_PATH\"\n      mv \"$FRAMEWORK_HEADERS_DIR/$PUBLIC_HEADER\" \"$FRAMEWORK_HEADERS_DIR/$RELATIVE_PATH/$PUBLIC_HEADER\"\n    fi\n  done\nfi\n";
			showEnvVarsInLog = 0;
		};
		43F22AB019071A3A00A032D1 /* ShellScript */ = {
			isa = PBXShellScriptBuildPhase;
			buildActionMask = 2147483647;
			files = (
			);
			inputPaths = (
			);
			outputPaths = (
			);
			runOnlyForDeploymentPostprocessing = 0;
			shellPath = /bin/sh;
			shellScript = "set -e\n\nset +u\nif [[ $UFW_MASTER_SCRIPT_RUNNING ]]\nthen\n    # Nothing for the slave script to do\n    exit 0\nfi\nset -u\nexport UFW_MASTER_SCRIPT_RUNNING=1\n\n\n# Functions\n\n## List files in the specified directory, storing to the specified array.\n#\n# @param $1 The path to list\n# @param $2 The name of the array to fill\n#\n##\nlist_files ()\n{\n    filelist=$(ls \"$1\")\n    while read line\n    do\n        eval \"$2[\\${#$2[*]}]=\\\"\\$line\\\"\"\n    done <<< \"$filelist\"\n}\n\n\n# Sanity check\n\nif [[ ! -f \"${BUILT_PRODUCTS_DIR}/${EXECUTABLE_PATH}\" ]]\nthen\n    echo \"Framework target \\\"${TARGET_NAME}\\\" had no source files to build from. Make sure your source files have the correct target membership\"\n    exit 1\nfi\n\n\n# Gather information\n\nif [[ \"$SDK_NAME\" =~ ([A-Za-z]+) ]]\nthen\n    UFW_SDK_PLATFORM=${BASH_REMATCH[1]}\nelse\n    echo \"Could not find platform name from SDK_NAME: $SDK_NAME\"\n    exit 1\nfi\n\nif [[ \"$SDK_NAME\" =~ ([0-9]+.*$) ]]\nthen\n    UFW_SDK_VERSION=${BASH_REMATCH[1]}\nelse\n    echo \"Could not find sdk version from SDK_NAME: $SDK_NAME\"\n    exit 1\nfi\n\nif [[ \"$UFW_SDK_PLATFORM\" = \"iphoneos\" ]]\nthen\n    UFW_OTHER_PLATFORM=iphonesimulator\nelse\n    UFW_OTHER_PLATFORM=iphoneos\nfi\n\nif [[ \"$BUILT_PRODUCTS_DIR\" =~ (.*)$UFW_SDK_PLATFORM$ ]]\nthen\n    UFW_OTHER_BUILT_PRODUCTS_DIR=\"${BASH_REMATCH[1]}${UFW_OTHER_PLATFORM}\"\nelse\n    echo \"Could not find $UFW_SDK_PLATFORM in $BUILT_PRODUCTS_DIR\"\n    exit 1\nfi\n\n\n# Short-circuit if all binaries are up to date.\n# We already checked the other platform in the prerun script.\n\nif [[ -f \"${BUILT_PRODUCTS_DIR}/${EXECUTABLE_PATH}\" ]] && [[ -f \"${BUILT_PRODUCTS_DIR}/${PRODUCT_NAME}.embeddedframework/${EXECUTABLE_PATH}\" ]] && [[ ! \"${BUILT_PRODUCTS_DIR}/${EXECUTABLE_PATH}\" -nt \"${BUILT_PRODUCTS_DIR}/${PRODUCT_NAME}.embeddedframework/${EXECUTABLE_PATH}\" ]]\nthen\n    exit 0\nfi\n\n\n# Make sure the other platform gets built\n\necho \"Build other platform\"\n\necho xcodebuild -project \"${PROJECT_FILE_PATH}\" -target \"${TARGET_NAME}\" -configuration \"${CONFIGURATION}\" -sdk ${UFW_OTHER_PLATFORM}${UFW_SDK_VERSION} BUILD_DIR=\"${BUILD_DIR}\" CONFIGURATION_TEMP_DIR=\"${PROJECT_TEMP_DIR}/${CONFIGURATION}-${UFW_OTHER_PLATFORM}\" $ACTION\nxcodebuild -project \"${PROJECT_FILE_PATH}\" -target \"${TARGET_NAME}\" -configuration \"${CONFIGURATION}\" -sdk ${UFW_OTHER_PLATFORM}${UFW_SDK_VERSION} BUILD_DIR=\"${BUILD_DIR}\" CONFIGURATION_TEMP_DIR=\"${PROJECT_TEMP_DIR}/${CONFIGURATION}-${UFW_OTHER_PLATFORM}\" $ACTION\n\n\n# Build the fat static library binary\n\necho \"Create universal static library\"\n\nif [[ \"$XCODE_VERSION_MAJOR\" = \"0500\" ]]\nthen\n    echo \"$DT_TOOLCHAIN_DIR/usr/bin/libtool\" -static \"${BUILT_PRODUCTS_DIR}/${EXECUTABLE_PATH}\" \"${UFW_OTHER_BUILT_PRODUCTS_DIR}/${EXECUTABLE_PATH}\" -o \"${BUILT_PRODUCTS_DIR}/${EXECUTABLE_PATH}.temp\"\n    \"$DT_TOOLCHAIN_DIR/usr/bin/libtool\" -static \"${BUILT_PRODUCTS_DIR}/${EXECUTABLE_PATH}\" \"${UFW_OTHER_BUILT_PRODUCTS_DIR}/${EXECUTABLE_PATH}\" -o \"${BUILT_PRODUCTS_DIR}/${EXECUTABLE_PATH}.temp\"\nelse\n    echo \"$PLATFORM_DEVELOPER_BIN_DIR/libtool\" -static \"${BUILT_PRODUCTS_DIR}/${EXECUTABLE_PATH}\" \"${UFW_OTHER_BUILT_PRODUCTS_DIR}/${EXECUTABLE_PATH}\" -o \"${BUILT_PRODUCTS_DIR}/${EXECUTABLE_PATH}.temp\"\n    \"$PLATFORM_DEVELOPER_BIN_DIR/libtool\" -static \"${BUILT_PRODUCTS_DIR}/${EXECUTABLE_PATH}\" \"${UFW_OTHER_BUILT_PRODUCTS_DIR}/${EXECUTABLE_PATH}\" -o \"${BUILT_PRODUCTS_DIR}/${EXECUTABLE_PATH}.temp\"\nfi \n\necho mv \"${BUILT_PRODUCTS_DIR}/${EXECUTABLE_PATH}.temp\" \"${BUILT_PRODUCTS_DIR}/${EXECUTABLE_PATH}\"\nmv \"${BUILT_PRODUCTS_DIR}/${EXECUTABLE_PATH}.temp\" \"${BUILT_PRODUCTS_DIR}/${EXECUTABLE_PATH}\"\n\n\n# Build framework structure\n\necho \"Build symlinks\"\n\necho ln -sfh $FRAMEWORK_VERSION \"${BUILT_PRODUCTS_DIR}/${WRAPPER_NAME}/Versions/Current\"\nln -sfh $FRAMEWORK_VERSION \"${BUILT_PRODUCTS_DIR}/${WRAPPER_NAME}/Versions/Current\"\necho ln -sfh Versions/Current/Headers \"${BUILT_PRODUCTS_DIR}/${WRAPPER_NAME}/Headers\"\nln -sfh Versions/Current/Headers \"${BUILT_PRODUCTS_DIR}/${WRAPPER_NAME}/Headers\"\necho ln -sfh Versions/Current/Resources \"${BUILT_PRODUCTS_DIR}/${WRAPPER_NAME}/Resources\"\nln -sfh Versions/Current/Resources \"${BUILT_PRODUCTS_DIR}/${WRAPPER_NAME}/Resources\"\necho ln -sfh \"Versions/Current/${EXECUTABLE_NAME}\" \"${BUILT_PRODUCTS_DIR}/${WRAPPER_NAME}/${EXECUTABLE_NAME}\"\nln -sfh \"Versions/Current/${EXECUTABLE_NAME}\" \"${BUILT_PRODUCTS_DIR}/${WRAPPER_NAME}/${EXECUTABLE_NAME}\"\n\n\n# Link to binary for unit tests\n\nmkdir -p \"${BUILT_PRODUCTS_DIR}/.fake_fw_testing.framework\"\nln -sfh \"../${WRAPPER_NAME}/${EXECUTABLE_NAME}\" \"${BUILT_PRODUCTS_DIR}/.fake_fw_testing.framework/.fake_fw_testing\"\n\n\n# Build embedded framework structure\n\necho \"Build Embedded Framework\"\n\necho rm -rf \"${BUILT_PRODUCTS_DIR}/${PRODUCT_NAME}.embeddedframework\"\nrm -rf \"${BUILT_PRODUCTS_DIR}/${PRODUCT_NAME}.embeddedframework\"\necho mkdir -p \"${BUILT_PRODUCTS_DIR}/${PRODUCT_NAME}.embeddedframework/Resources\"\nmkdir -p \"${BUILT_PRODUCTS_DIR}/${PRODUCT_NAME}.embeddedframework/Resources\"\necho cp -a \"${BUILT_PRODUCTS_DIR}/${WRAPPER_NAME}\" \"${BUILT_PRODUCTS_DIR}/${PRODUCT_NAME}.embeddedframework/\"\ncp -a \"${BUILT_PRODUCTS_DIR}/${WRAPPER_NAME}\" \"${BUILT_PRODUCTS_DIR}/${PRODUCT_NAME}.embeddedframework/\"\n\ndeclare -a UFW_FILE_LIST\nlist_files \"${BUILT_PRODUCTS_DIR}/${UNLOCALIZED_RESOURCES_FOLDER_PATH}\" UFW_FILE_LIST\nfor filename in \"${UFW_FILE_LIST[@]}\"\ndo\n    if [[ \"${filename}\" != \"Info.plist\" ]] && [[ ! \"${filename}\" =~ .*\\.lproj$ ]]\n    then\n        echo ln -sfh \"../${WRAPPER_NAME}/Resources/${filename}\" \"${BUILT_PRODUCTS_DIR}/${PRODUCT_NAME}.embeddedframework/Resources/${filename}\"\n        ln -sfh \"../${WRAPPER_NAME}/Resources/${filename}\" \"${BUILT_PRODUCTS_DIR}/${PRODUCT_NAME}.embeddedframework/Resources/${filename}\"\n    fi\ndone\n\n\n# Replace other platform's framework with a copy of this one (so that both have the same universal binary)\n\necho \"Copy from $UFW_SDK_PLATFORM to $UFW_OTHER_PLATFORM\"\n\necho rm -rf \"${BUILD_DIR}/${CONFIGURATION}-${UFW_OTHER_PLATFORM}\"\nrm -rf \"${BUILD_DIR}/${CONFIGURATION}-${UFW_OTHER_PLATFORM}\"\necho cp -a \"${BUILD_DIR}/${CONFIGURATION}-${UFW_SDK_PLATFORM}\" \"${BUILD_DIR}/${CONFIGURATION}-${UFW_OTHER_PLATFORM}\"\ncp -a \"${BUILD_DIR}/${CONFIGURATION}-${UFW_SDK_PLATFORM}\" \"${BUILD_DIR}/${CONFIGURATION}-${UFW_OTHER_PLATFORM}\"\n";
			showEnvVarsInLog = 0;
		};
		70D92777D9284523A44AF9BA /* Copy Pods Resources */ = {
			isa = PBXShellScriptBuildPhase;
			buildActionMask = 2147483647;
			files = (
			);
			inputPaths = (
			);
			name = "Copy Pods Resources";
			outputPaths = (
			);
			runOnlyForDeploymentPostprocessing = 0;
			shellPath = /bin/sh;
			shellScript = "\"${SRCROOT}/Pods/Pods-BigSurTests-resources.sh\"\n";
			showEnvVarsInLog = 0;
		};
		7C3E1C59E7884C76BF05137A /* Copy Pods Resources */ = {
			isa = PBXShellScriptBuildPhase;
			buildActionMask = 2147483647;
			files = (
			);
			inputPaths = (
			);
			name = "Copy Pods Resources";
			outputPaths = (
			);
			runOnlyForDeploymentPostprocessing = 0;
			shellPath = /bin/sh;
			shellScript = "\"${SRCROOT}/Pods/Pods-BigSur-resources.sh\"\n";
			showEnvVarsInLog = 0;
		};
		8FBE91C7391F4E6194714D01 /* Check Pods Manifest.lock */ = {
			isa = PBXShellScriptBuildPhase;
			buildActionMask = 2147483647;
			files = (
			);
			inputPaths = (
			);
			name = "Check Pods Manifest.lock";
			outputPaths = (
			);
			runOnlyForDeploymentPostprocessing = 0;
			shellPath = /bin/sh;
			shellScript = "diff \"${PODS_ROOT}/../Podfile.lock\" \"${PODS_ROOT}/Manifest.lock\" > /dev/null\nif [[ $? != 0 ]] ; then\n    cat << EOM\nerror: The sandbox is not in sync with the Podfile.lock. Run 'pod install' or update your CocoaPods installation.\nEOM\n    exit 1\nfi\n";
			showEnvVarsInLog = 0;
		};
		FF7605F5F805472081A19E2F /* Check Pods Manifest.lock */ = {
			isa = PBXShellScriptBuildPhase;
			buildActionMask = 2147483647;
			files = (
			);
			inputPaths = (
			);
			name = "Check Pods Manifest.lock";
			outputPaths = (
			);
			runOnlyForDeploymentPostprocessing = 0;
			shellPath = /bin/sh;
			shellScript = "diff \"${PODS_ROOT}/../Podfile.lock\" \"${PODS_ROOT}/Manifest.lock\" > /dev/null\nif [[ $? != 0 ]] ; then\n    cat << EOM\nerror: The sandbox is not in sync with the Podfile.lock. Run 'pod install' or update your CocoaPods installation.\nEOM\n    exit 1\nfi\n";
			showEnvVarsInLog = 0;
		};
/* End PBXShellScriptBuildPhase section */

/* Begin PBXSourcesBuildPhase section */
		4317023719132BA10002491F /* Sources */ = {
			isa = PBXSourcesBuildPhase;
			buildActionMask = 2147483647;
			files = (
				4317024619132BA10002491F /* INModelProviderTests.m in Sources */,
			);
			runOnlyForDeploymentPostprocessing = 0;
		};
		43F22A6E19071A1100A032D1 /* Sources */ = {
			isa = PBXSourcesBuildPhase;
			buildActionMask = 2147483647;
			files = (
				43AAF524190F1E2D000FA5AF /* INNamespace.m in Sources */,
				43AAF5361911B8E5000FA5AF /* INThreadViewController.m in Sources */,
				43F22ACE19071C5200A032D1 /* NSObject+Properties.m in Sources */,
				43329FCB1909B34D00D689F1 /* INAPIManager.m in Sources */,
				43AE9B7A191833AF005D70C0 /* INComposeViewController.m in Sources */,
				43AAF54E1912E985000FA5AF /* INThreadTableViewCell.m in Sources */,
				43AAF529190F20F6000FA5AF /* INModelArrayResponseSerializer.m in Sources */,
				43AAF5491912D607000FA5AF /* INMessageCollectionViewCell.m in Sources */,
				43F22AE219072E6A00A032D1 /* INContact.m in Sources */,
				43F22AD419071D3600A032D1 /* INDatabaseManager.m in Sources */,
				43AAF5421912B05E000FA5AF /* NSDictionary+FormatConversion.m in Sources */,
				43AE9B751918045C005D70C0 /* INContactsViewController.m in Sources */,
				43AAF51A190EE558000FA5AF /* INModelObject+Uniquing.m in Sources */,
				43F22AE6190736D300A032D1 /* INAPIOperation.m in Sources */,
				43F22ADF19072E6400A032D1 /* INModelObject.m in Sources */,
				43AAF53219117C89000FA5AF /* INLabel.m in Sources */,
				43F22ACF19071C5200A032D1 /* NSString+FormatConversion.m in Sources */,
				43AAF53D1911CFC0000FA5AF /* INMessageProvider.m in Sources */,
				43AAF52F19117BED000FA5AF /* INAccount.m in Sources */,
				43F22ADA1907252400A032D1 /* FMDatabase+INModelQueries.m in Sources */,
				43F22A8219071A1100A032D1 /* main.m in Sources */,
				43AAF51D190F037E000FA5AF /* INThread.m in Sources */,
				43D12B5919088E2100ACDCAB /* INPredicateToSQLConverter.m in Sources */,
				439283C41914582400926291 /* INPredicateToQueryParamConverter.m in Sources */,
				4332A01E1909E56900D689F1 /* INModelProvider.m in Sources */,
				43AAF5511912EB72000FA5AF /* UIView+FrameAdditions.m in Sources */,
				439283BE19144B6F00926291 /* INConvenienceCategories.m in Sources */,
				43AAF53A1911BD71000FA5AF /* INMessage.m in Sources */,
				431AAA2B19133633008751D8 /* NSPredicate+Inspection.m in Sources */,
				43F22A8619071A1100A032D1 /* INAppDelegate.m in Sources */,
				439283C1191450AA00926291 /* INRecipientsLabel.m in Sources */,
				43F22ACD19071C5200A032D1 /* NSObject+AssociatedObjects.m in Sources */,
				43AAF520190F1B5D000FA5AF /* INThreadProvider.m in Sources */,
				43F22AEA19073DDA00A032D1 /* FMResultSet+INModelQueries.m in Sources */,
				43F22AD019071C5200A032D1 /* INViewController.m in Sources */,
			);
			runOnlyForDeploymentPostprocessing = 0;
		};
		43F22AAB19071A3A00A032D1 /* Sources */ = {
			isa = PBXSourcesBuildPhase;
			buildActionMask = 2147483647;
			files = (
			);
			runOnlyForDeploymentPostprocessing = 0;
		};
/* End PBXSourcesBuildPhase section */

/* Begin PBXTargetDependency section */
		4317024919132BA10002491F /* PBXTargetDependency */ = {
			isa = PBXTargetDependency;
			target = 43F22A7119071A1100A032D1 /* BigSur */;
			targetProxy = 4317024819132BA10002491F /* PBXContainerItemProxy */;
		};
/* End PBXTargetDependency section */

/* Begin PBXVariantGroup section */
		4317024219132BA10002491F /* InfoPlist.strings */ = {
			isa = PBXVariantGroup;
			children = (
				4317024319132BA10002491F /* en */,
			);
			name = InfoPlist.strings;
			sourceTree = "<group>";
		};
		43F22A7E19071A1100A032D1 /* InfoPlist.strings */ = {
			isa = PBXVariantGroup;
			children = (
				43F22A7F19071A1100A032D1 /* en */,
			);
			name = InfoPlist.strings;
			sourceTree = "<group>";
		};
		43F22AB619071A3A00A032D1 /* InfoPlist.strings */ = {
			isa = PBXVariantGroup;
			children = (
				43F22AB719071A3A00A032D1 /* en */,
			);
			name = InfoPlist.strings;
			sourceTree = "<group>";
		};
/* End PBXVariantGroup section */

/* Begin XCBuildConfiguration section */
		4317024B19132BA10002491F /* Debug */ = {
			isa = XCBuildConfiguration;
			baseConfigurationReference = A001EFB96BFF4722BDE59D9F /* Pods-BigSurTests.xcconfig */;
			buildSettings = {
				BUNDLE_LOADER = "$(BUILT_PRODUCTS_DIR)/BigSur.app/BigSur";
				FRAMEWORK_SEARCH_PATHS = (
					"$(SDKROOT)/Developer/Library/Frameworks",
					"$(inherited)",
					"$(DEVELOPER_FRAMEWORKS_DIR)",
				);
				GCC_PRECOMPILE_PREFIX_HEADER = YES;
				GCC_PREFIX_HEADER = "BigSurTests/BigSurTests-Prefix.pch";
				GCC_PREPROCESSOR_DEFINITIONS = (
					"DEBUG=1",
					"$(inherited)",
				);
				INFOPLIST_FILE = "BigSurTests/BigSurTests-Info.plist";
				OTHER_LDFLAGS = (
					"-ObjC",
					"-framework",
					XCTest,
				);
				PRODUCT_NAME = "$(TARGET_NAME)";
				TEST_HOST = "$(BUNDLE_LOADER)";
				WRAPPER_EXTENSION = xctest;
			};
			name = Debug;
		};
		4317024C19132BA10002491F /* Release */ = {
			isa = XCBuildConfiguration;
			baseConfigurationReference = A001EFB96BFF4722BDE59D9F /* Pods-BigSurTests.xcconfig */;
			buildSettings = {
				BUNDLE_LOADER = "$(BUILT_PRODUCTS_DIR)/BigSur.app/BigSur";
				FRAMEWORK_SEARCH_PATHS = (
					"$(SDKROOT)/Developer/Library/Frameworks",
					"$(inherited)",
					"$(DEVELOPER_FRAMEWORKS_DIR)",
				);
				GCC_PRECOMPILE_PREFIX_HEADER = YES;
				GCC_PREFIX_HEADER = "BigSurTests/BigSurTests-Prefix.pch";
				INFOPLIST_FILE = "BigSurTests/BigSurTests-Info.plist";
				OTHER_LDFLAGS = (
					"-ObjC",
					"-framework",
					XCTest,
				);
				PRODUCT_NAME = "$(TARGET_NAME)";
				TEST_HOST = "$(BUNDLE_LOADER)";
				WRAPPER_EXTENSION = xctest;
			};
			name = Release;
		};
		43AAF515190ECC8E000FA5AF /* Debug */ = {
			isa = XCBuildConfiguration;
			buildSettings = {
				PRODUCT_NAME = "$(TARGET_NAME)";
			};
			name = Debug;
		};
		43AAF516190ECC8E000FA5AF /* Release */ = {
			isa = XCBuildConfiguration;
			buildSettings = {
				PRODUCT_NAME = "$(TARGET_NAME)";
			};
			name = Release;
		};
		43F22AA219071A1100A032D1 /* Debug */ = {
			isa = XCBuildConfiguration;
			buildSettings = {
				ALWAYS_SEARCH_USER_PATHS = NO;
				CLANG_CXX_LANGUAGE_STANDARD = "gnu++0x";
				CLANG_CXX_LIBRARY = "libc++";
				CLANG_ENABLE_MODULES = YES;
				CLANG_ENABLE_OBJC_ARC = YES;
				CLANG_WARN_BOOL_CONVERSION = YES;
				CLANG_WARN_CONSTANT_CONVERSION = YES;
				CLANG_WARN_DIRECT_OBJC_ISA_USAGE = YES_ERROR;
				CLANG_WARN_EMPTY_BODY = YES;
				CLANG_WARN_ENUM_CONVERSION = YES;
				CLANG_WARN_INT_CONVERSION = YES;
				CLANG_WARN_OBJC_ROOT_CLASS = YES_ERROR;
				CLANG_WARN__DUPLICATE_METHOD_MATCH = YES;
				"CODE_SIGN_IDENTITY[sdk=iphoneos*]" = "iPhone Developer";
				COPY_PHASE_STRIP = NO;
				GCC_C_LANGUAGE_STANDARD = gnu99;
				GCC_DYNAMIC_NO_PIC = NO;
				GCC_OPTIMIZATION_LEVEL = 0;
				GCC_PREPROCESSOR_DEFINITIONS = (
					"DEBUG=1",
					"$(inherited)",
				);
				GCC_SYMBOLS_PRIVATE_EXTERN = NO;
				GCC_WARN_64_TO_32_BIT_CONVERSION = YES;
				GCC_WARN_ABOUT_RETURN_TYPE = YES_ERROR;
				GCC_WARN_UNDECLARED_SELECTOR = YES;
				GCC_WARN_UNINITIALIZED_AUTOS = YES_AGGRESSIVE;
				GCC_WARN_UNUSED_FUNCTION = YES;
				GCC_WARN_UNUSED_VARIABLE = YES;
				IPHONEOS_DEPLOYMENT_TARGET = 7.1;
				ONLY_ACTIVE_ARCH = YES;
				SDKROOT = iphoneos;
			};
			name = Debug;
		};
		43F22AA319071A1100A032D1 /* Release */ = {
			isa = XCBuildConfiguration;
			buildSettings = {
				ALWAYS_SEARCH_USER_PATHS = NO;
				CLANG_CXX_LANGUAGE_STANDARD = "gnu++0x";
				CLANG_CXX_LIBRARY = "libc++";
				CLANG_ENABLE_MODULES = YES;
				CLANG_ENABLE_OBJC_ARC = YES;
				CLANG_WARN_BOOL_CONVERSION = YES;
				CLANG_WARN_CONSTANT_CONVERSION = YES;
				CLANG_WARN_DIRECT_OBJC_ISA_USAGE = YES_ERROR;
				CLANG_WARN_EMPTY_BODY = YES;
				CLANG_WARN_ENUM_CONVERSION = YES;
				CLANG_WARN_INT_CONVERSION = YES;
				CLANG_WARN_OBJC_ROOT_CLASS = YES_ERROR;
				CLANG_WARN__DUPLICATE_METHOD_MATCH = YES;
				"CODE_SIGN_IDENTITY[sdk=iphoneos*]" = "iPhone Developer";
				COPY_PHASE_STRIP = YES;
				ENABLE_NS_ASSERTIONS = NO;
				GCC_C_LANGUAGE_STANDARD = gnu99;
				GCC_WARN_64_TO_32_BIT_CONVERSION = YES;
				GCC_WARN_ABOUT_RETURN_TYPE = YES_ERROR;
				GCC_WARN_UNDECLARED_SELECTOR = YES;
				GCC_WARN_UNINITIALIZED_AUTOS = YES_AGGRESSIVE;
				GCC_WARN_UNUSED_FUNCTION = YES;
				GCC_WARN_UNUSED_VARIABLE = YES;
				IPHONEOS_DEPLOYMENT_TARGET = 7.1;
				SDKROOT = iphoneos;
				VALIDATE_PRODUCT = YES;
			};
			name = Release;
		};
		43F22AA519071A1100A032D1 /* Debug */ = {
			isa = XCBuildConfiguration;
			baseConfigurationReference = 8EC1E944BF5548068564D916 /* Pods-BigSur.xcconfig */;
			buildSettings = {
				ASSETCATALOG_COMPILER_APPICON_NAME = AppIcon;
				ASSETCATALOG_COMPILER_LAUNCHIMAGE_NAME = LaunchImage;
				GCC_PRECOMPILE_PREFIX_HEADER = YES;
				GCC_PREFIX_HEADER = "BigSur/BigSur-Prefix.pch";
				INFOPLIST_FILE = "BigSur/BigSur-Info.plist";
				PRODUCT_NAME = BigSur;
				WRAPPER_EXTENSION = app;
			};
			name = Debug;
		};
		43F22AA619071A1100A032D1 /* Release */ = {
			isa = XCBuildConfiguration;
			baseConfigurationReference = 8EC1E944BF5548068564D916 /* Pods-BigSur.xcconfig */;
			buildSettings = {
				ASSETCATALOG_COMPILER_APPICON_NAME = AppIcon;
				ASSETCATALOG_COMPILER_LAUNCHIMAGE_NAME = LaunchImage;
				GCC_PRECOMPILE_PREFIX_HEADER = YES;
				GCC_PREFIX_HEADER = "BigSur/BigSur-Prefix.pch";
				INFOPLIST_FILE = "BigSur/BigSur-Info.plist";
				PRODUCT_NAME = BigSur;
				WRAPPER_EXTENSION = app;
			};
			name = Release;
		};
		43F22ABB19071A3A00A032D1 /* Debug */ = {
			isa = XCBuildConfiguration;
			baseConfigurationReference = 7ACFCC688CD14ACE9835C12A /* Pods-BigSurFramework.xcconfig */;
			buildSettings = {
				ARCHS = (
					armv6,
					"$(ARCHS_STANDARD_32_BIT)",
				);
				CONTENTS_FOLDER_PATH = "$(WRAPPER_NAME)/Versions/$(FRAMEWORK_VERSION)";
				DEAD_CODE_STRIPPING = NO;
				DYLIB_COMPATIBILITY_VERSION = 1;
				DYLIB_CURRENT_VERSION = 1;
				FRAMEWORK_VERSION = A;
				GCC_PRECOMPILE_PREFIX_HEADER = YES;
				GCC_PREFIX_HEADER = "BigSurCoreFramework/BigSurCoreFramework-Prefix.pch";
				GCC_PREPROCESSOR_DEFINITIONS = (
					"DEBUG=1",
					"$(inherited)",
				);
				INFOPLIST_FILE = "BigSurCoreFramework/BigSurCoreFramework-Info.plist";
				INFOPLIST_PATH = "$(UNLOCALIZED_RESOURCES_FOLDER_PATH)/Info.plist";
				INSTALL_PATH = "$(BUILT_PRODUCTS_DIR)";
				LINK_WITH_STANDARD_LIBRARIES = NO;
				MACH_O_TYPE = mh_object;
				PRODUCT_NAME = BigSurCoreFramework;
				SKIP_INSTALL = YES;
				UNLOCALIZED_RESOURCES_FOLDER_PATH = "$(CONTENTS_FOLDER_PATH)/Resources";
				WRAPPER_EXTENSION = framework;
			};
			name = Debug;
		};
		43F22ABC19071A3A00A032D1 /* Release */ = {
			isa = XCBuildConfiguration;
			baseConfigurationReference = 7ACFCC688CD14ACE9835C12A /* Pods-BigSurFramework.xcconfig */;
			buildSettings = {
				ARCHS = (
					armv6,
					"$(ARCHS_STANDARD_32_BIT)",
				);
				CONTENTS_FOLDER_PATH = "$(WRAPPER_NAME)/Versions/$(FRAMEWORK_VERSION)";
				DEAD_CODE_STRIPPING = NO;
				DYLIB_COMPATIBILITY_VERSION = 1;
				DYLIB_CURRENT_VERSION = 1;
				FRAMEWORK_VERSION = A;
				GCC_PRECOMPILE_PREFIX_HEADER = YES;
				GCC_PREFIX_HEADER = "BigSurCoreFramework/BigSurCoreFramework-Prefix.pch";
				INFOPLIST_FILE = "BigSurCoreFramework/BigSurCoreFramework-Info.plist";
				INFOPLIST_PATH = "$(UNLOCALIZED_RESOURCES_FOLDER_PATH)/Info.plist";
				INSTALL_PATH = "$(BUILT_PRODUCTS_DIR)";
				LINK_WITH_STANDARD_LIBRARIES = NO;
				MACH_O_TYPE = mh_object;
				PRODUCT_NAME = BigSurCoreFramework;
				SKIP_INSTALL = YES;
				UNLOCALIZED_RESOURCES_FOLDER_PATH = "$(CONTENTS_FOLDER_PATH)/Resources";
				WRAPPER_EXTENSION = framework;
			};
			name = Release;
		};
/* End XCBuildConfiguration section */

/* Begin XCConfigurationList section */
		4317024A19132BA10002491F /* Build configuration list for PBXNativeTarget "BigSurTests" */ = {
			isa = XCConfigurationList;
			buildConfigurations = (
				4317024B19132BA10002491F /* Debug */,
				4317024C19132BA10002491F /* Release */,
			);
			defaultConfigurationIsVisible = 0;
			defaultConfigurationName = Release;
		};
		43AAF514190ECC8E000FA5AF /* Build configuration list for PBXAggregateTarget "OCLint" */ = {
			isa = XCConfigurationList;
			buildConfigurations = (
				43AAF515190ECC8E000FA5AF /* Debug */,
				43AAF516190ECC8E000FA5AF /* Release */,
			);
			defaultConfigurationIsVisible = 0;
			defaultConfigurationName = Release;
		};
		43F22A6D19071A1000A032D1 /* Build configuration list for PBXProject "BigSur" */ = {
			isa = XCConfigurationList;
			buildConfigurations = (
				43F22AA219071A1100A032D1 /* Debug */,
				43F22AA319071A1100A032D1 /* Release */,
			);
			defaultConfigurationIsVisible = 0;
			defaultConfigurationName = Release;
		};
		43F22AA419071A1100A032D1 /* Build configuration list for PBXNativeTarget "BigSur" */ = {
			isa = XCConfigurationList;
			buildConfigurations = (
				43F22AA519071A1100A032D1 /* Debug */,
				43F22AA619071A1100A032D1 /* Release */,
			);
			defaultConfigurationIsVisible = 0;
			defaultConfigurationName = Release;
		};
		43F22ABA19071A3A00A032D1 /* Build configuration list for PBXNativeTarget "BigSurFramework" */ = {
			isa = XCConfigurationList;
			buildConfigurations = (
				43F22ABB19071A3A00A032D1 /* Debug */,
				43F22ABC19071A3A00A032D1 /* Release */,
			);
			defaultConfigurationIsVisible = 0;
			defaultConfigurationName = Release;
		};
/* End XCConfigurationList section */
	};
	rootObject = 43F22A6A19071A1000A032D1 /* Project object */;
}
